// !$*UTF8*$!
{
	archiveVersion = 1;
	classes = {
	};
	objectVersion = 50;
	objects = {

/* Begin PBXBuildFile section */
		4111BF8926256C0A00022EA2 /* AppDelegate.swift in Sources */ = {isa = PBXBuildFile; fileRef = 4111BF8826256C0A00022EA2 /* AppDelegate.swift */; };
		4111BF8B26256C0A00022EA2 /* SceneDelegate.swift in Sources */ = {isa = PBXBuildFile; fileRef = 4111BF8A26256C0A00022EA2 /* SceneDelegate.swift */; };
		4111BF8D26256C0A00022EA2 /* ViewController.swift in Sources */ = {isa = PBXBuildFile; fileRef = 4111BF8C26256C0A00022EA2 /* ViewController.swift */; };
		4111BF9026256C0A00022EA2 /* Main.storyboard in Resources */ = {isa = PBXBuildFile; fileRef = 4111BF8E26256C0A00022EA2 /* Main.storyboard */; };
		4111BF9326256C0A00022EA2 /* MovieApp.xcdatamodeld in Sources */ = {isa = PBXBuildFile; fileRef = 4111BF9126256C0A00022EA2 /* MovieApp.xcdatamodeld */; };
		4111BF9526256C0B00022EA2 /* Assets.xcassets in Resources */ = {isa = PBXBuildFile; fileRef = 4111BF9426256C0B00022EA2 /* Assets.xcassets */; };
		4111BF9826256C0B00022EA2 /* LaunchScreen.storyboard in Resources */ = {isa = PBXBuildFile; fileRef = 4111BF9626256C0B00022EA2 /* LaunchScreen.storyboard */; };
		4111BFA426256FB600022EA2 /* Movie.swift in Sources */ = {isa = PBXBuildFile; fileRef = 4111BFA326256FB600022EA2 /* Movie.swift */; };
		4111BFA8262572A600022EA2 /* MovieModel.swift in Sources */ = {isa = PBXBuildFile; fileRef = 4111BFA7262572A600022EA2 /* MovieModel.swift */; };
		4111BFAF2625C2DF00022EA2 /* CustomCollectionViewCell.swift in Sources */ = {isa = PBXBuildFile; fileRef = 4111BFAE2625C2DF00022EA2 /* CustomCollectionViewCell.swift */; };
		414B4CB22625F09400A3CFFA /* DetailViewController.swift in Sources */ = {isa = PBXBuildFile; fileRef = 414B4CB12625F09400A3CFFA /* DetailViewController.swift */; };
/* End PBXBuildFile section */

/* Begin PBXFileReference section */
		4111BF8526256C0A00022EA2 /* MovieApp.app */ = {isa = PBXFileReference; explicitFileType = wrapper.application; includeInIndex = 0; path = MovieApp.app; sourceTree = BUILT_PRODUCTS_DIR; };
		4111BF8826256C0A00022EA2 /* AppDelegate.swift */ = {isa = PBXFileReference; lastKnownFileType = sourcecode.swift; path = AppDelegate.swift; sourceTree = "<group>"; };
		4111BF8A26256C0A00022EA2 /* SceneDelegate.swift */ = {isa = PBXFileReference; lastKnownFileType = sourcecode.swift; path = SceneDelegate.swift; sourceTree = "<group>"; };
		4111BF8C26256C0A00022EA2 /* ViewController.swift */ = {isa = PBXFileReference; lastKnownFileType = sourcecode.swift; path = ViewController.swift; sourceTree = "<group>"; };
		4111BF8F26256C0A00022EA2 /* Base */ = {isa = PBXFileReference; lastKnownFileType = file.storyboard; name = Base; path = Base.lproj/Main.storyboard; sourceTree = "<group>"; };
		4111BF9226256C0A00022EA2 /* MovieApp.xcdatamodel */ = {isa = PBXFileReference; lastKnownFileType = wrapper.xcdatamodel; path = MovieApp.xcdatamodel; sourceTree = "<group>"; };
		4111BF9426256C0B00022EA2 /* Assets.xcassets */ = {isa = PBXFileReference; lastKnownFileType = folder.assetcatalog; path = Assets.xcassets; sourceTree = "<group>"; };
		4111BF9726256C0B00022EA2 /* Base */ = {isa = PBXFileReference; lastKnownFileType = file.storyboard; name = Base; path = Base.lproj/LaunchScreen.storyboard; sourceTree = "<group>"; };
		4111BF9926256C0B00022EA2 /* Info.plist */ = {isa = PBXFileReference; lastKnownFileType = text.plist.xml; path = Info.plist; sourceTree = "<group>"; };
		4111BFA326256FB600022EA2 /* Movie.swift */ = {isa = PBXFileReference; lastKnownFileType = sourcecode.swift; path = Movie.swift; sourceTree = "<group>"; };
		4111BFA7262572A600022EA2 /* MovieModel.swift */ = {isa = PBXFileReference; lastKnownFileType = sourcecode.swift; path = MovieModel.swift; sourceTree = "<group>"; };
		4111BFAE2625C2DF00022EA2 /* CustomCollectionViewCell.swift */ = {isa = PBXFileReference; lastKnownFileType = sourcecode.swift; path = CustomCollectionViewCell.swift; sourceTree = "<group>"; };
		414B4CB12625F09400A3CFFA /* DetailViewController.swift */ = {isa = PBXFileReference; lastKnownFileType = sourcecode.swift; path = DetailViewController.swift; sourceTree = "<group>"; };
/* End PBXFileReference section */

/* Begin PBXFrameworksBuildPhase section */
		4111BF8226256C0A00022EA2 /* Frameworks */ = {
			isa = PBXFrameworksBuildPhase;
			buildActionMask = 2147483647;
			files = (
			);
			runOnlyForDeploymentPostprocessing = 0;
		};
/* End PBXFrameworksBuildPhase section */

/* Begin PBXGroup section */
		4111BF7C26256C0A00022EA2 = {
			isa = PBXGroup;
			children = (
				4111BF8726256C0A00022EA2 /* MovieApp */,
				4111BF8626256C0A00022EA2 /* Products */,
			);
			sourceTree = "<group>";
		};
		4111BF8626256C0A00022EA2 /* Products */ = {
			isa = PBXGroup;
			children = (
				4111BF8526256C0A00022EA2 /* MovieApp.app */,
			);
			name = Products;
			sourceTree = "<group>";
		};
		4111BF8726256C0A00022EA2 /* MovieApp */ = {
			isa = PBXGroup;
			children = (
				414B4CBE262829FA00A3CFFA /* Network */,
				4111BFA026256E1800022EA2 /* SupportingFiles */,
				414B4CBB262829E800A3CFFA /* API */,
				414B4CB9262829D900A3CFFA /* View */,
				4111BF8E26256C0A00022EA2 /* Main.storyboard */,
				4111BF9926256C0B00022EA2 /* Info.plist */,
			);
			path = MovieApp;
			sourceTree = "<group>";
		};
		4111BFA026256E1800022EA2 /* SupportingFiles */ = {
			isa = PBXGroup;
			children = (
				4111BF8826256C0A00022EA2 /* AppDelegate.swift */,
				4111BF8A26256C0A00022EA2 /* SceneDelegate.swift */,
				4111BF9426256C0B00022EA2 /* Assets.xcassets */,
				4111BF9626256C0B00022EA2 /* LaunchScreen.storyboard */,
				4111BF9126256C0A00022EA2 /* MovieApp.xcdatamodeld */,
			);
			path = SupportingFiles;
			sourceTree = "<group>";
		};
		414B4CB9262829D900A3CFFA /* View */ = {
			isa = PBXGroup;
			children = (
				4111BF8C26256C0A00022EA2 /* ViewController.swift */,
				4111BFAE2625C2DF00022EA2 /* CustomCollectionViewCell.swift */,
				414B4CB12625F09400A3CFFA /* DetailViewController.swift */,
			);
			path = View;
			sourceTree = "<group>";
		};
		414B4CBB262829E800A3CFFA /* API */ = {
			isa = PBXGroup;
			children = (
				4111BFA326256FB600022EA2 /* Movie.swift */,
			);
			path = API;
			sourceTree = "<group>";
		};
		414B4CBE262829FA00A3CFFA /* Network */ = {
			isa = PBXGroup;
			children = (
				4111BFA7262572A600022EA2 /* MovieModel.swift */,
			);
			path = Network;
			sourceTree = "<group>";
		};
/* End PBXGroup section */

/* Begin PBXNativeTarget section */
		4111BF8426256C0A00022EA2 /* MovieApp */ = {
			isa = PBXNativeTarget;
			buildConfigurationList = 4111BF9C26256C0B00022EA2 /* Build configuration list for PBXNativeTarget "MovieApp" */;
			buildPhases = (
				4111BF8126256C0A00022EA2 /* Sources */,
				4111BF8226256C0A00022EA2 /* Frameworks */,
				4111BF8326256C0A00022EA2 /* Resources */,
			);
			buildRules = (
			);
			dependencies = (
			);
			name = MovieApp;
			productName = MovieApp;
			productReference = 4111BF8526256C0A00022EA2 /* MovieApp.app */;
			productType = "com.apple.product-type.application";
		};
/* End PBXNativeTarget section */

/* Begin PBXProject section */
		4111BF7D26256C0A00022EA2 /* Project object */ = {
			isa = PBXProject;
			attributes = {
				LastSwiftUpdateCheck = 1240;
				LastUpgradeCheck = 1240;
				TargetAttributes = {
					4111BF8426256C0A00022EA2 = {
						CreatedOnToolsVersion = 12.4;
					};
				};
			};
			buildConfigurationList = 4111BF8026256C0A00022EA2 /* Build configuration list for PBXProject "MovieApp" */;
			compatibilityVersion = "Xcode 9.3";
			developmentRegion = en;
			hasScannedForEncodings = 0;
			knownRegions = (
				en,
				Base,
			);
			mainGroup = 4111BF7C26256C0A00022EA2;
			productRefGroup = 4111BF8626256C0A00022EA2 /* Products */;
			projectDirPath = "";
			projectRoot = "";
			targets = (
				4111BF8426256C0A00022EA2 /* MovieApp */,
			);
		};
/* End PBXProject section */

/* Begin PBXResourcesBuildPhase section */
		4111BF8326256C0A00022EA2 /* Resources */ = {
			isa = PBXResourcesBuildPhase;
			buildActionMask = 2147483647;
			files = (
				4111BF9826256C0B00022EA2 /* LaunchScreen.storyboard in Resources */,
				4111BF9526256C0B00022EA2 /* Assets.xcassets in Resources */,
				4111BF9026256C0A00022EA2 /* Main.storyboard in Resources */,
			);
			runOnlyForDeploymentPostprocessing = 0;
		};
/* End PBXResourcesBuildPhase section */

/* Begin PBXSourcesBuildPhase section */
		4111BF8126256C0A00022EA2 /* Sources */ = {
			isa = PBXSourcesBuildPhase;
			buildActionMask = 2147483647;
			files = (
				4111BFA8262572A600022EA2 /* MovieModel.swift in Sources */,
				4111BFAF2625C2DF00022EA2 /* CustomCollectionViewCell.swift in Sources */,
				4111BF8D26256C0A00022EA2 /* ViewController.swift in Sources */,
				4111BF8926256C0A00022EA2 /* AppDelegate.swift in Sources */,
				4111BF9326256C0A00022EA2 /* MovieApp.xcdatamodeld in Sources */,
				4111BF8B26256C0A00022EA2 /* SceneDelegate.swift in Sources */,
				4111BFA426256FB600022EA2 /* Movie.swift in Sources */,
				414B4CB22625F09400A3CFFA /* DetailViewController.swift in Sources */,
			);
			runOnlyForDeploymentPostprocessing = 0;
		};
/* End PBXSourcesBuildPhase section */

/* Begin PBXVariantGroup section */
		4111BF8E26256C0A00022EA2 /* Main.storyboard */ = {
			isa = PBXVariantGroup;
			children = (
				4111BF8F26256C0A00022EA2 /* Base */,
			);
			name = Main.storyboard;
			sourceTree = "<group>";
		};
		4111BF9626256C0B00022EA2 /* LaunchScreen.storyboard */ = {
			isa = PBXVariantGroup;
			children = (
				4111BF9726256C0B00022EA2 /* Base */,
			);
			name = LaunchScreen.storyboard;
			sourceTree = "<group>";
		};
/* End PBXVariantGroup section */

/* Begin XCBuildConfiguration section */
		4111BF9A26256C0B00022EA2 /* Debug */ = {
			isa = XCBuildConfiguration;
			buildSettings = {
				ALWAYS_SEARCH_USER_PATHS = NO;
				CLANG_ANALYZER_NONNULL = YES;
				CLANG_ANALYZER_NUMBER_OBJECT_CONVERSION = YES_AGGRESSIVE;
				CLANG_CXX_LANGUAGE_STANDARD = "gnu++14";
				CLANG_CXX_LIBRARY = "libc++";
				CLANG_ENABLE_MODULES = YES;
				CLANG_ENABLE_OBJC_ARC = YES;
				CLANG_ENABLE_OBJC_WEAK = YES;
				CLANG_WARN_BLOCK_CAPTURE_AUTORELEASING = YES;
				CLANG_WARN_BOOL_CONVERSION = YES;
				CLANG_WARN_COMMA = YES;
				CLANG_WARN_CONSTANT_CONVERSION = YES;
				CLANG_WARN_DEPRECATED_OBJC_IMPLEMENTATIONS = YES;
				CLANG_WARN_DIRECT_OBJC_ISA_USAGE = YES_ERROR;
				CLANG_WARN_DOCUMENTATION_COMMENTS = YES;
				CLANG_WARN_EMPTY_BODY = YES;
				CLANG_WARN_ENUM_CONVERSION = YES;
				CLANG_WARN_INFINITE_RECURSION = YES;
				CLANG_WARN_INT_CONVERSION = YES;
				CLANG_WARN_NON_LITERAL_NULL_CONVERSION = YES;
				CLANG_WARN_OBJC_IMPLICIT_RETAIN_SELF = YES;
				CLANG_WARN_OBJC_LITERAL_CONVERSION = YES;
				CLANG_WARN_OBJC_ROOT_CLASS = YES_ERROR;
				CLANG_WARN_QUOTED_INCLUDE_IN_FRAMEWORK_HEADER = YES;
				CLANG_WARN_RANGE_LOOP_ANALYSIS = YES;
				CLANG_WARN_STRICT_PROTOTYPES = YES;
				CLANG_WARN_SUSPICIOUS_MOVE = YES;
				CLANG_WARN_UNGUARDED_AVAILABILITY = YES_AGGRESSIVE;
				CLANG_WARN_UNREACHABLE_CODE = YES;
				CLANG_WARN__DUPLICATE_METHOD_MATCH = YES;
				COPY_PHASE_STRIP = NO;
				DEBUG_INFORMATION_FORMAT = dwarf;
				ENABLE_STRICT_OBJC_MSGSEND = YES;
				ENABLE_TESTABILITY = YES;
				GCC_C_LANGUAGE_STANDARD = gnu11;
				GCC_DYNAMIC_NO_PIC = NO;
				GCC_NO_COMMON_BLOCKS = YES;
				GCC_OPTIMIZATION_LEVEL = 0;
				GCC_PREPROCESSOR_DEFINITIONS = (
					"DEBUG=1",
					"$(inherited)",
				);
				GCC_WARN_64_TO_32_BIT_CONVERSION = YES;
				GCC_WARN_ABOUT_RETURN_TYPE = YES_ERROR;
				GCC_WARN_UNDECLARED_SELECTOR = YES;
				GCC_WARN_UNINITIALIZED_AUTOS = YES_AGGRESSIVE;
				GCC_WARN_UNUSED_FUNCTION = YES;
				GCC_WARN_UNUSED_VARIABLE = YES;
				IPHONEOS_DEPLOYMENT_TARGET = 14.4;
				MTL_ENABLE_DEBUG_INFO = INCLUDE_SOURCE;
				MTL_FAST_MATH = YES;
				ONLY_ACTIVE_ARCH = YES;
				SDKROOT = iphoneos;
				SWIFT_ACTIVE_COMPILATION_CONDITIONS = DEBUG;
				SWIFT_OPTIMIZATION_LEVEL = "-Onone";
			};
			name = Debug;
		};
		4111BF9B26256C0B00022EA2 /* Release */ = {
			isa = XCBuildConfiguration;
			buildSettings = {
				ALWAYS_SEARCH_USER_PATHS = NO;
				CLANG_ANALYZER_NONNULL = YES;
				CLANG_ANALYZER_NUMBER_OBJECT_CONVERSION = YES_AGGRESSIVE;
				CLANG_CXX_LANGUAGE_STANDARD = "gnu++14";
				CLANG_CXX_LIBRARY = "libc++";
				CLANG_ENABLE_MODULES = YES;
				CLANG_ENABLE_OBJC_ARC = YES;
				CLANG_ENABLE_OBJC_WEAK = YES;
				CLANG_WARN_BLOCK_CAPTURE_AUTORELEASING = YES;
				CLANG_WARN_BOOL_CONVERSION = YES;
				CLANG_WARN_COMMA = YES;
				CLANG_WARN_CONSTANT_CONVERSION = YES;
				CLANG_WARN_DEPRECATED_OBJC_IMPLEMENTATIONS = YES;
				CLANG_WARN_DIRECT_OBJC_ISA_USAGE = YES_ERROR;
				CLANG_WARN_DOCUMENTATION_COMMENTS = YES;
				CLANG_WARN_EMPTY_BODY = YES;
				CLANG_WARN_ENUM_CONVERSION = YES;
				CLANG_WARN_INFINITE_RECURSION = YES;
				CLANG_WARN_INT_CONVERSION = YES;
				CLANG_WARN_NON_LITERAL_NULL_CONVERSION = YES;
				CLANG_WARN_OBJC_IMPLICIT_RETAIN_SELF = YES;
				CLANG_WARN_OBJC_LITERAL_CONVERSION = YES;
				CLANG_WARN_OBJC_ROOT_CLASS = YES_ERROR;
				CLANG_WARN_QUOTED_INCLUDE_IN_FRAMEWORK_HEADER = YES;
				CLANG_WARN_RANGE_LOOP_ANALYSIS = YES;
				CLANG_WARN_STRICT_PROTOTYPES = YES;
				CLANG_WARN_SUSPICIOUS_MOVE = YES;
				CLANG_WARN_UNGUARDED_AVAILABILITY = YES_AGGRESSIVE;
				CLANG_WARN_UNREACHABLE_CODE = YES;
				CLANG_WARN__DUPLICATE_METHOD_MATCH = YES;
				COPY_PHASE_STRIP = NO;
				DEBUG_INFORMATION_FORMAT = "dwarf-with-dsym";
				ENABLE_NS_ASSERTIONS = NO;
				ENABLE_STRICT_OBJC_MSGSEND = YES;
				GCC_C_LANGUAGE_STANDARD = gnu11;
				GCC_NO_COMMON_BLOCKS = YES;
				GCC_WARN_64_TO_32_BIT_CONVERSION = YES;
				GCC_WARN_ABOUT_RETURN_TYPE = YES_ERROR;
				GCC_WARN_UNDECLARED_SELECTOR = YES;
				GCC_WARN_UNINITIALIZED_AUTOS = YES_AGGRESSIVE;
				GCC_WARN_UNUSED_FUNCTION = YES;
				GCC_WARN_UNUSED_VARIABLE = YES;
				IPHONEOS_DEPLOYMENT_TARGET = 14.4;
				MTL_ENABLE_DEBUG_INFO = NO;
				MTL_FAST_MATH = YES;
				SDKROOT = iphoneos;
				SWIFT_COMPILATION_MODE = wholemodule;
				SWIFT_OPTIMIZATION_LEVEL = "-O";
				VALIDATE_PRODUCT = YES;
			};
			name = Release;
		};
		4111BF9D26256C0B00022EA2 /* Debug */ = {
			isa = XCBuildConfiguration;
			buildSettings = {
				ASSETCATALOG_COMPILER_APPICON_NAME = AppIcon;
				ASSETCATALOG_COMPILER_GLOBAL_ACCENT_COLOR_NAME = AccentColor;
				CODE_SIGN_STYLE = Automatic;
				INFOPLIST_FILE = MovieApp/Info.plist;
				LD_RUNPATH_SEARCH_PATHS = (
					"$(inherited)",
					"@executable_path/Frameworks",
				);
				PRODUCT_BUNDLE_IDENTIFIER = dangsal.MovieApp;
				PRODUCT_NAME = "$(TARGET_NAME)";
				SWIFT_VERSION = 5.0;
				TARGETED_DEVICE_FAMILY = "1,2";
			};
			name = Debug;
		};
		4111BF9E26256C0B00022EA2 /* Release */ = {
			isa = XCBuildConfiguration;
			buildSettings = {
				ASSETCATALOG_COMPILER_APPICON_NAME = AppIcon;
				ASSETCATALOG_COMPILER_GLOBAL_ACCENT_COLOR_NAME = AccentColor;
				CODE_SIGN_STYLE = Automatic;
				INFOPLIST_FILE = MovieApp/Info.plist;
				LD_RUNPATH_SEARCH_PATHS = (
					"$(inherited)",
					"@executable_path/Frameworks",
				);
				PRODUCT_BUNDLE_IDENTIFIER = dangsal.MovieApp;
				PRODUCT_NAME = "$(TARGET_NAME)";
				SWIFT_VERSION = 5.0;
				TARGETED_DEVICE_FAMILY = "1,2";
			};
			name = Release;
		};
/* End XCBuildConfiguration section */

/* Begin XCConfigurationList section */
		4111BF8026256C0A00022EA2 /* Build configuration list for PBXProject "MovieApp" */ = {
			isa = XCConfigurationList;
			buildConfigurations = (
				4111BF9A26256C0B00022EA2 /* Debug */,
				4111BF9B26256C0B00022EA2 /* Release */,
			);
			defaultConfigurationIsVisible = 0;
			defaultConfigurationName = Release;
		};
		4111BF9C26256C0B00022EA2 /* Build configuration list for PBXNativeTarget "MovieApp" */ = {
			isa = XCConfigurationList;
			buildConfigurations = (
				4111BF9D26256C0B00022EA2 /* Debug */,
				4111BF9E26256C0B00022EA2 /* Release */,
			);
			defaultConfigurationIsVisible = 0;
			defaultConfigurationName = Release;
		};
/* End XCConfigurationList section */

/* Begin XCVersionGroup section */
		4111BF9126256C0A00022EA2 /* MovieApp.xcdatamodeld */ = {
			isa = XCVersionGroup;
			children = (
				4111BF9226256C0A00022EA2 /* MovieApp.xcdatamodel */,
			);
			currentVersion = 4111BF9226256C0A00022EA2 /* MovieApp.xcdatamodel */;
			path = MovieApp.xcdatamodeld;
			sourceTree = "<group>";
			versionGroupType = wrapper.xcdatamodel;
		};
/* End XCVersionGroup section */
	};
	rootObject = 4111BF7D26256C0A00022EA2 /* Project object */;
}
