// !$*UTF8*$!
{
	archiveVersion = 1;
	classes = {
	};
	objectVersion = 50;
	objects = {

/* Begin PBXBuildFile section */
		410E591425FF3F8D00680211 /* AppDelegate.swift in Sources */ = {isa = PBXBuildFile; fileRef = 410E591325FF3F8D00680211 /* AppDelegate.swift */; };
		410E591625FF3F8D00680211 /* SceneDelegate.swift in Sources */ = {isa = PBXBuildFile; fileRef = 410E591525FF3F8D00680211 /* SceneDelegate.swift */; };
		410E591B25FF3F8D00680211 /* Main.storyboard in Resources */ = {isa = PBXBuildFile; fileRef = 410E591925FF3F8D00680211 /* Main.storyboard */; };
		410E591E25FF3F8D00680211 /* dangsalMemoApp.xcdatamodeld in Sources */ = {isa = PBXBuildFile; fileRef = 410E591C25FF3F8D00680211 /* dangsalMemoApp.xcdatamodeld */; };
		410E592025FF3F8F00680211 /* Assets.xcassets in Resources */ = {isa = PBXBuildFile; fileRef = 410E591F25FF3F8F00680211 /* Assets.xcassets */; };
		410E592325FF3F8F00680211 /* LaunchScreen.storyboard in Resources */ = {isa = PBXBuildFile; fileRef = 410E592125FF3F8F00680211 /* LaunchScreen.storyboard */; };
		410E593125FF4CB900680211 /* Model.swift in Sources */ = {isa = PBXBuildFile; fileRef = 410E593025FF4CB900680211 /* Model.swift */; };
		410E593425FF554F00680211 /* MemoListTableViewController.swift in Sources */ = {isa = PBXBuildFile; fileRef = 410E593325FF554F00680211 /* MemoListTableViewController.swift */; };
		41E543DA25FF717B008A65E2 /* ComposeViewController.swift in Sources */ = {isa = PBXBuildFile; fileRef = 41E543D925FF717B008A65E2 /* ComposeViewController.swift */; };
		41E543DD25FF7451008A65E2 /* UIViewController+Alert.swift in Sources */ = {isa = PBXBuildFile; fileRef = 41E543DC25FF7450008A65E2 /* UIViewController+Alert.swift */; };
/* End PBXBuildFile section */

/* Begin PBXFileReference section */
		410E591025FF3F8D00680211 /* dangsalMemoApp.app */ = {isa = PBXFileReference; explicitFileType = wrapper.application; includeInIndex = 0; path = dangsalMemoApp.app; sourceTree = BUILT_PRODUCTS_DIR; };
		410E591325FF3F8D00680211 /* AppDelegate.swift */ = {isa = PBXFileReference; lastKnownFileType = sourcecode.swift; path = AppDelegate.swift; sourceTree = "<group>"; };
		410E591525FF3F8D00680211 /* SceneDelegate.swift */ = {isa = PBXFileReference; lastKnownFileType = sourcecode.swift; path = SceneDelegate.swift; sourceTree = "<group>"; };
		410E591A25FF3F8D00680211 /* Base */ = {isa = PBXFileReference; lastKnownFileType = file.storyboard; name = Base; path = Base.lproj/Main.storyboard; sourceTree = "<group>"; };
		410E591D25FF3F8D00680211 /* dangsalMemoApp.xcdatamodel */ = {isa = PBXFileReference; lastKnownFileType = wrapper.xcdatamodel; path = dangsalMemoApp.xcdatamodel; sourceTree = "<group>"; };
		410E591F25FF3F8F00680211 /* Assets.xcassets */ = {isa = PBXFileReference; lastKnownFileType = folder.assetcatalog; path = Assets.xcassets; sourceTree = "<group>"; };
		410E592225FF3F8F00680211 /* Base */ = {isa = PBXFileReference; lastKnownFileType = file.storyboard; name = Base; path = Base.lproj/LaunchScreen.storyboard; sourceTree = "<group>"; };
		410E592425FF3F8F00680211 /* Info.plist */ = {isa = PBXFileReference; lastKnownFileType = text.plist.xml; path = Info.plist; sourceTree = "<group>"; };
		410E593025FF4CB900680211 /* Model.swift */ = {isa = PBXFileReference; lastKnownFileType = sourcecode.swift; path = Model.swift; sourceTree = "<group>"; };
		410E593325FF554F00680211 /* MemoListTableViewController.swift */ = {isa = PBXFileReference; lastKnownFileType = sourcecode.swift; path = MemoListTableViewController.swift; sourceTree = "<group>"; };
		41E543D925FF717B008A65E2 /* ComposeViewController.swift */ = {isa = PBXFileReference; lastKnownFileType = sourcecode.swift; path = ComposeViewController.swift; sourceTree = "<group>"; };
		41E543DC25FF7450008A65E2 /* UIViewController+Alert.swift */ = {isa = PBXFileReference; lastKnownFileType = sourcecode.swift; path = "UIViewController+Alert.swift"; sourceTree = "<group>"; };
/* End PBXFileReference section */

/* Begin PBXFrameworksBuildPhase section */
		410E590D25FF3F8D00680211 /* Frameworks */ = {
			isa = PBXFrameworksBuildPhase;
			buildActionMask = 2147483647;
			files = (
			);
			runOnlyForDeploymentPostprocessing = 0;
		};
/* End PBXFrameworksBuildPhase section */

/* Begin PBXGroup section */
		410E590725FF3F8D00680211 = {
			isa = PBXGroup;
			children = (
				410E591225FF3F8D00680211 /* dangsalMemoApp */,
				410E591125FF3F8D00680211 /* Products */,
			);
			sourceTree = "<group>";
		};
		410E591125FF3F8D00680211 /* Products */ = {
			isa = PBXGroup;
			children = (
				410E591025FF3F8D00680211 /* dangsalMemoApp.app */,
			);
			name = Products;
			sourceTree = "<group>";
		};
		410E591225FF3F8D00680211 /* dangsalMemoApp */ = {
			isa = PBXGroup;
			children = (
				410E592F25FF4C8A00680211 /* Model */,
				410E592B25FF3FE300680211 /* SupportingFiles */,
				410E591925FF3F8D00680211 /* Main.storyboard */,
				410E592425FF3F8F00680211 /* Info.plist */,
				410E593325FF554F00680211 /* MemoListTableViewController.swift */,
				41E543D925FF717B008A65E2 /* ComposeViewController.swift */,
				41E543DC25FF7450008A65E2 /* UIViewController+Alert.swift */,
			);
			path = dangsalMemoApp;
			sourceTree = "<group>";
		};
		410E592B25FF3FE300680211 /* SupportingFiles */ = {
			isa = PBXGroup;
			children = (
				410E591325FF3F8D00680211 /* AppDelegate.swift */,
				410E591525FF3F8D00680211 /* SceneDelegate.swift */,
				410E591F25FF3F8F00680211 /* Assets.xcassets */,
				410E592125FF3F8F00680211 /* LaunchScreen.storyboard */,
				410E591C25FF3F8D00680211 /* dangsalMemoApp.xcdatamodeld */,
			);
			path = SupportingFiles;
			sourceTree = "<group>";
		};
		410E592F25FF4C8A00680211 /* Model */ = {
			isa = PBXGroup;
			children = (
				410E593025FF4CB900680211 /* Model.swift */,
			);
			path = Model;
			sourceTree = "<group>";
		};
/* End PBXGroup section */

/* Begin PBXNativeTarget section */
		410E590F25FF3F8D00680211 /* dangsalMemoApp */ = {
			isa = PBXNativeTarget;
			buildConfigurationList = 410E592725FF3F8F00680211 /* Build configuration list for PBXNativeTarget "dangsalMemoApp" */;
			buildPhases = (
				410E590C25FF3F8D00680211 /* Sources */,
				410E590D25FF3F8D00680211 /* Frameworks */,
				410E590E25FF3F8D00680211 /* Resources */,
			);
			buildRules = (
			);
			dependencies = (
			);
			name = dangsalMemoApp;
			productName = dangsalMemoApp;
			productReference = 410E591025FF3F8D00680211 /* dangsalMemoApp.app */;
			productType = "com.apple.product-type.application";
		};
/* End PBXNativeTarget section */

/* Begin PBXProject section */
		410E590825FF3F8D00680211 /* Project object */ = {
			isa = PBXProject;
			attributes = {
				LastSwiftUpdateCheck = 1240;
				LastUpgradeCheck = 1240;
				TargetAttributes = {
					410E590F25FF3F8D00680211 = {
						CreatedOnToolsVersion = 12.4;
					};
				};
			};
			buildConfigurationList = 410E590B25FF3F8D00680211 /* Build configuration list for PBXProject "dangsalMemoApp" */;
			compatibilityVersion = "Xcode 9.3";
			developmentRegion = en;
			hasScannedForEncodings = 0;
			knownRegions = (
				en,
				Base,
			);
			mainGroup = 410E590725FF3F8D00680211;
			productRefGroup = 410E591125FF3F8D00680211 /* Products */;
			projectDirPath = "";
			projectRoot = "";
			targets = (
				410E590F25FF3F8D00680211 /* dangsalMemoApp */,
			);
		};
/* End PBXProject section */

/* Begin PBXResourcesBuildPhase section */
		410E590E25FF3F8D00680211 /* Resources */ = {
			isa = PBXResourcesBuildPhase;
			buildActionMask = 2147483647;
			files = (
				410E592325FF3F8F00680211 /* LaunchScreen.storyboard in Resources */,
				410E592025FF3F8F00680211 /* Assets.xcassets in Resources */,
				410E591B25FF3F8D00680211 /* Main.storyboard in Resources */,
			);
			runOnlyForDeploymentPostprocessing = 0;
		};
/* End PBXResourcesBuildPhase section */

/* Begin PBXSourcesBuildPhase section */
		410E590C25FF3F8D00680211 /* Sources */ = {
			isa = PBXSourcesBuildPhase;
			buildActionMask = 2147483647;
			files = (
				410E591E25FF3F8D00680211 /* dangsalMemoApp.xcdatamodeld in Sources */,
				410E591425FF3F8D00680211 /* AppDelegate.swift in Sources */,
				410E593425FF554F00680211 /* MemoListTableViewController.swift in Sources */,
				41E543DA25FF717B008A65E2 /* ComposeViewController.swift in Sources */,
				410E591625FF3F8D00680211 /* SceneDelegate.swift in Sources */,
				410E593125FF4CB900680211 /* Model.swift in Sources */,
				41E543DD25FF7451008A65E2 /* UIViewController+Alert.swift in Sources */,
			);
			runOnlyForDeploymentPostprocessing = 0;
		};
/* End PBXSourcesBuildPhase section */

/* Begin PBXVariantGroup section */
		410E591925FF3F8D00680211 /* Main.storyboard */ = {
			isa = PBXVariantGroup;
			children = (
				410E591A25FF3F8D00680211 /* Base */,
			);
			name = Main.storyboard;
			sourceTree = "<group>";
		};
		410E592125FF3F8F00680211 /* LaunchScreen.storyboard */ = {
			isa = PBXVariantGroup;
			children = (
				410E592225FF3F8F00680211 /* Base */,
			);
			name = LaunchScreen.storyboard;
			sourceTree = "<group>";
		};
/* End PBXVariantGroup section */

/* Begin XCBuildConfiguration section */
		410E592525FF3F8F00680211 /* Debug */ = {
			isa = XCBuildConfiguration;
			buildSettings = {
				ALWAYS_SEARCH_USER_PATHS = NO;
				CLANG_ANALYZER_NONNULL = YES;
				CLANG_ANALYZER_NUMBER_OBJECT_CONVERSION = YES_AGGRESSIVE;
				CLANG_CXX_LANGUAGE_STANDARD = "gnu++14";
				CLANG_CXX_LIBRARY = "libc++";
				CLANG_ENABLE_MODULES = YES;
				CLANG_ENABLE_OBJC_ARC = YES;
				CLANG_ENABLE_OBJC_WEAK = YES;
				CLANG_WARN_BLOCK_CAPTURE_AUTORELEASING = YES;
				CLANG_WARN_BOOL_CONVERSION = YES;
				CLANG_WARN_COMMA = YES;
				CLANG_WARN_CONSTANT_CONVERSION = YES;
				CLANG_WARN_DEPRECATED_OBJC_IMPLEMENTATIONS = YES;
				CLANG_WARN_DIRECT_OBJC_ISA_USAGE = YES_ERROR;
				CLANG_WARN_DOCUMENTATION_COMMENTS = YES;
				CLANG_WARN_EMPTY_BODY = YES;
				CLANG_WARN_ENUM_CONVERSION = YES;
				CLANG_WARN_INFINITE_RECURSION = YES;
				CLANG_WARN_INT_CONVERSION = YES;
				CLANG_WARN_NON_LITERAL_NULL_CONVERSION = YES;
				CLANG_WARN_OBJC_IMPLICIT_RETAIN_SELF = YES;
				CLANG_WARN_OBJC_LITERAL_CONVERSION = YES;
				CLANG_WARN_OBJC_ROOT_CLASS = YES_ERROR;
				CLANG_WARN_QUOTED_INCLUDE_IN_FRAMEWORK_HEADER = YES;
				CLANG_WARN_RANGE_LOOP_ANALYSIS = YES;
				CLANG_WARN_STRICT_PROTOTYPES = YES;
				CLANG_WARN_SUSPICIOUS_MOVE = YES;
				CLANG_WARN_UNGUARDED_AVAILABILITY = YES_AGGRESSIVE;
				CLANG_WARN_UNREACHABLE_CODE = YES;
				CLANG_WARN__DUPLICATE_METHOD_MATCH = YES;
				COPY_PHASE_STRIP = NO;
				DEBUG_INFORMATION_FORMAT = dwarf;
				ENABLE_STRICT_OBJC_MSGSEND = YES;
				ENABLE_TESTABILITY = YES;
				GCC_C_LANGUAGE_STANDARD = gnu11;
				GCC_DYNAMIC_NO_PIC = NO;
				GCC_NO_COMMON_BLOCKS = YES;
				GCC_OPTIMIZATION_LEVEL = 0;
				GCC_PREPROCESSOR_DEFINITIONS = (
					"DEBUG=1",
					"$(inherited)",
				);
				GCC_WARN_64_TO_32_BIT_CONVERSION = YES;
				GCC_WARN_ABOUT_RETURN_TYPE = YES_ERROR;
				GCC_WARN_UNDECLARED_SELECTOR = YES;
				GCC_WARN_UNINITIALIZED_AUTOS = YES_AGGRESSIVE;
				GCC_WARN_UNUSED_FUNCTION = YES;
				GCC_WARN_UNUSED_VARIABLE = YES;
				IPHONEOS_DEPLOYMENT_TARGET = 14.4;
				MTL_ENABLE_DEBUG_INFO = INCLUDE_SOURCE;
				MTL_FAST_MATH = YES;
				ONLY_ACTIVE_ARCH = YES;
				SDKROOT = iphoneos;
				SWIFT_ACTIVE_COMPILATION_CONDITIONS = DEBUG;
				SWIFT_OPTIMIZATION_LEVEL = "-Onone";
			};
			name = Debug;
		};
		410E592625FF3F8F00680211 /* Release */ = {
			isa = XCBuildConfiguration;
			buildSettings = {
				ALWAYS_SEARCH_USER_PATHS = NO;
				CLANG_ANALYZER_NONNULL = YES;
				CLANG_ANALYZER_NUMBER_OBJECT_CONVERSION = YES_AGGRESSIVE;
				CLANG_CXX_LANGUAGE_STANDARD = "gnu++14";
				CLANG_CXX_LIBRARY = "libc++";
				CLANG_ENABLE_MODULES = YES;
				CLANG_ENABLE_OBJC_ARC = YES;
				CLANG_ENABLE_OBJC_WEAK = YES;
				CLANG_WARN_BLOCK_CAPTURE_AUTORELEASING = YES;
				CLANG_WARN_BOOL_CONVERSION = YES;
				CLANG_WARN_COMMA = YES;
				CLANG_WARN_CONSTANT_CONVERSION = YES;
				CLANG_WARN_DEPRECATED_OBJC_IMPLEMENTATIONS = YES;
				CLANG_WARN_DIRECT_OBJC_ISA_USAGE = YES_ERROR;
				CLANG_WARN_DOCUMENTATION_COMMENTS = YES;
				CLANG_WARN_EMPTY_BODY = YES;
				CLANG_WARN_ENUM_CONVERSION = YES;
				CLANG_WARN_INFINITE_RECURSION = YES;
				CLANG_WARN_INT_CONVERSION = YES;
				CLANG_WARN_NON_LITERAL_NULL_CONVERSION = YES;
				CLANG_WARN_OBJC_IMPLICIT_RETAIN_SELF = YES;
				CLANG_WARN_OBJC_LITERAL_CONVERSION = YES;
				CLANG_WARN_OBJC_ROOT_CLASS = YES_ERROR;
				CLANG_WARN_QUOTED_INCLUDE_IN_FRAMEWORK_HEADER = YES;
				CLANG_WARN_RANGE_LOOP_ANALYSIS = YES;
				CLANG_WARN_STRICT_PROTOTYPES = YES;
				CLANG_WARN_SUSPICIOUS_MOVE = YES;
				CLANG_WARN_UNGUARDED_AVAILABILITY = YES_AGGRESSIVE;
				CLANG_WARN_UNREACHABLE_CODE = YES;
				CLANG_WARN__DUPLICATE_METHOD_MATCH = YES;
				COPY_PHASE_STRIP = NO;
				DEBUG_INFORMATION_FORMAT = "dwarf-with-dsym";
				ENABLE_NS_ASSERTIONS = NO;
				ENABLE_STRICT_OBJC_MSGSEND = YES;
				GCC_C_LANGUAGE_STANDARD = gnu11;
				GCC_NO_COMMON_BLOCKS = YES;
				GCC_WARN_64_TO_32_BIT_CONVERSION = YES;
				GCC_WARN_ABOUT_RETURN_TYPE = YES_ERROR;
				GCC_WARN_UNDECLARED_SELECTOR = YES;
				GCC_WARN_UNINITIALIZED_AUTOS = YES_AGGRESSIVE;
				GCC_WARN_UNUSED_FUNCTION = YES;
				GCC_WARN_UNUSED_VARIABLE = YES;
				IPHONEOS_DEPLOYMENT_TARGET = 14.4;
				MTL_ENABLE_DEBUG_INFO = NO;
				MTL_FAST_MATH = YES;
				SDKROOT = iphoneos;
				SWIFT_COMPILATION_MODE = wholemodule;
				SWIFT_OPTIMIZATION_LEVEL = "-O";
				VALIDATE_PRODUCT = YES;
			};
			name = Release;
		};
		410E592825FF3F8F00680211 /* Debug */ = {
			isa = XCBuildConfiguration;
			buildSettings = {
				ASSETCATALOG_COMPILER_APPICON_NAME = AppIcon;
				ASSETCATALOG_COMPILER_GLOBAL_ACCENT_COLOR_NAME = AccentColor;
				CODE_SIGN_STYLE = Automatic;
				INFOPLIST_FILE = dangsalMemoApp/Info.plist;
				IPHONEOS_DEPLOYMENT_TARGET = 10.0;
				LD_RUNPATH_SEARCH_PATHS = (
					"$(inherited)",
					"@executable_path/Frameworks",
				);
				PRODUCT_BUNDLE_IDENTIFIER = dangsal.dangsalMemoApp;
				PRODUCT_NAME = "$(TARGET_NAME)";
				SWIFT_VERSION = 5.0;
				TARGETED_DEVICE_FAMILY = "1,2";
			};
			name = Debug;
		};
		410E592925FF3F8F00680211 /* Release */ = {
			isa = XCBuildConfiguration;
			buildSettings = {
				ASSETCATALOG_COMPILER_APPICON_NAME = AppIcon;
				ASSETCATALOG_COMPILER_GLOBAL_ACCENT_COLOR_NAME = AccentColor;
				CODE_SIGN_STYLE = Automatic;
				INFOPLIST_FILE = dangsalMemoApp/Info.plist;
				IPHONEOS_DEPLOYMENT_TARGET = 10.0;
				LD_RUNPATH_SEARCH_PATHS = (
					"$(inherited)",
					"@executable_path/Frameworks",
				);
				PRODUCT_BUNDLE_IDENTIFIER = dangsal.dangsalMemoApp;
				PRODUCT_NAME = "$(TARGET_NAME)";
				SWIFT_VERSION = 5.0;
				TARGETED_DEVICE_FAMILY = "1,2";
			};
			name = Release;
		};
/* End XCBuildConfiguration section */

/* Begin XCConfigurationList section */
		410E590B25FF3F8D00680211 /* Build configuration list for PBXProject "dangsalMemoApp" */ = {
			isa = XCConfigurationList;
			buildConfigurations = (
				410E592525FF3F8F00680211 /* Debug */,
				410E592625FF3F8F00680211 /* Release */,
			);
			defaultConfigurationIsVisible = 0;
			defaultConfigurationName = Release;
		};
		410E592725FF3F8F00680211 /* Build configuration list for PBXNativeTarget "dangsalMemoApp" */ = {
			isa = XCConfigurationList;
			buildConfigurations = (
				410E592825FF3F8F00680211 /* Debug */,
				410E592925FF3F8F00680211 /* Release */,
			);
			defaultConfigurationIsVisible = 0;
			defaultConfigurationName = Release;
		};
/* End XCConfigurationList section */

/* Begin XCVersionGroup section */
		410E591C25FF3F8D00680211 /* dangsalMemoApp.xcdatamodeld */ = {
			isa = XCVersionGroup;
			children = (
				410E591D25FF3F8D00680211 /* dangsalMemoApp.xcdatamodel */,
			);
			currentVersion = 410E591D25FF3F8D00680211 /* dangsalMemoApp.xcdatamodel */;
			path = dangsalMemoApp.xcdatamodeld;
			sourceTree = "<group>";
			versionGroupType = wrapper.xcdatamodel;
		};
/* End XCVersionGroup section */
	};
	rootObject = 410E590825FF3F8D00680211 /* Project object */;
}
