// !$*UTF8*$!
{
	archiveVersion = 1;
	classes = {
	};
	objectVersion = 51;
	objects = {

/* Begin PBXBuildFile section */
		417D0A5526534F5B005C9F3C /* AppDelegate.swift in Sources */ = {isa = PBXBuildFile; fileRef = 417D0A5426534F5B005C9F3C /* AppDelegate.swift */; };
		417D0A5726534F5B005C9F3C /* SceneDelegate.swift in Sources */ = {isa = PBXBuildFile; fileRef = 417D0A5626534F5B005C9F3C /* SceneDelegate.swift */; };
		417D0A5C26534F5B005C9F3C /* Main.storyboard in Resources */ = {isa = PBXBuildFile; fileRef = 417D0A5A26534F5B005C9F3C /* Main.storyboard */; };
		417D0A5E26534F5E005C9F3C /* Assets.xcassets in Resources */ = {isa = PBXBuildFile; fileRef = 417D0A5D26534F5E005C9F3C /* Assets.xcassets */; };
		417D0A6126534F5E005C9F3C /* LaunchScreen.storyboard in Resources */ = {isa = PBXBuildFile; fileRef = 417D0A5F26534F5E005C9F3C /* LaunchScreen.storyboard */; };
		417D0A6C265350D2005C9F3C /* TableViewController.swift in Sources */ = {isa = PBXBuildFile; fileRef = 417D0A6B265350D2005C9F3C /* TableViewController.swift */; };
		417D0A6F2653517D005C9F3C /* TableViewCell.swift in Sources */ = {isa = PBXBuildFile; fileRef = 417D0A6E2653517D005C9F3C /* TableViewCell.swift */; };
		417D0A72265352FD005C9F3C /* Model.swift in Sources */ = {isa = PBXBuildFile; fileRef = 417D0A71265352FD005C9F3C /* Model.swift */; };
		417D0A752653536A005C9F3C /* NewsService.swift in Sources */ = {isa = PBXBuildFile; fileRef = 417D0A742653536A005C9F3C /* NewsService.swift */; };
		F05B6FB1B513B05D4BB6C70D /* Pods_NewsApp_without_Storyboard.framework in Frameworks */ = {isa = PBXBuildFile; fileRef = A11915D442F17763330EAC28 /* Pods_NewsApp_without_Storyboard.framework */; };
/* End PBXBuildFile section */

/* Begin PBXFileReference section */
		417D0A5126534F5B005C9F3C /* NewsApp_without_Storyboard.app */ = {isa = PBXFileReference; explicitFileType = wrapper.application; includeInIndex = 0; path = NewsApp_without_Storyboard.app; sourceTree = BUILT_PRODUCTS_DIR; };
		417D0A5426534F5B005C9F3C /* AppDelegate.swift */ = {isa = PBXFileReference; lastKnownFileType = sourcecode.swift; path = AppDelegate.swift; sourceTree = "<group>"; };
		417D0A5626534F5B005C9F3C /* SceneDelegate.swift */ = {isa = PBXFileReference; lastKnownFileType = sourcecode.swift; path = SceneDelegate.swift; sourceTree = "<group>"; };
		417D0A5B26534F5B005C9F3C /* Base */ = {isa = PBXFileReference; lastKnownFileType = file.storyboard; name = Base; path = Base.lproj/Main.storyboard; sourceTree = "<group>"; };
		417D0A5D26534F5E005C9F3C /* Assets.xcassets */ = {isa = PBXFileReference; lastKnownFileType = folder.assetcatalog; path = Assets.xcassets; sourceTree = "<group>"; };
		417D0A6026534F5E005C9F3C /* Base */ = {isa = PBXFileReference; lastKnownFileType = file.storyboard; name = Base; path = Base.lproj/LaunchScreen.storyboard; sourceTree = "<group>"; };
		417D0A6226534F5E005C9F3C /* Info.plist */ = {isa = PBXFileReference; lastKnownFileType = text.plist.xml; path = Info.plist; sourceTree = "<group>"; };
		417D0A6B265350D2005C9F3C /* TableViewController.swift */ = {isa = PBXFileReference; lastKnownFileType = sourcecode.swift; path = TableViewController.swift; sourceTree = "<group>"; };
		417D0A6E2653517D005C9F3C /* TableViewCell.swift */ = {isa = PBXFileReference; lastKnownFileType = sourcecode.swift; path = TableViewCell.swift; sourceTree = "<group>"; };
		417D0A71265352FD005C9F3C /* Model.swift */ = {isa = PBXFileReference; lastKnownFileType = sourcecode.swift; path = Model.swift; sourceTree = "<group>"; };
		417D0A742653536A005C9F3C /* NewsService.swift */ = {isa = PBXFileReference; lastKnownFileType = sourcecode.swift; path = NewsService.swift; sourceTree = "<group>"; };
		A11915D442F17763330EAC28 /* Pods_NewsApp_without_Storyboard.framework */ = {isa = PBXFileReference; explicitFileType = wrapper.framework; includeInIndex = 0; path = Pods_NewsApp_without_Storyboard.framework; sourceTree = BUILT_PRODUCTS_DIR; };
		B882FC6E0D9C1409E551E73C /* Pods-NewsApp_without_Storyboard.release.xcconfig */ = {isa = PBXFileReference; includeInIndex = 1; lastKnownFileType = text.xcconfig; name = "Pods-NewsApp_without_Storyboard.release.xcconfig"; path = "Target Support Files/Pods-NewsApp_without_Storyboard/Pods-NewsApp_without_Storyboard.release.xcconfig"; sourceTree = "<group>"; };
		CC397C7C766CA5E5630C5133 /* Pods-NewsApp_without_Storyboard.debug.xcconfig */ = {isa = PBXFileReference; includeInIndex = 1; lastKnownFileType = text.xcconfig; name = "Pods-NewsApp_without_Storyboard.debug.xcconfig"; path = "Target Support Files/Pods-NewsApp_without_Storyboard/Pods-NewsApp_without_Storyboard.debug.xcconfig"; sourceTree = "<group>"; };
/* End PBXFileReference section */

/* Begin PBXFrameworksBuildPhase section */
		417D0A4E26534F5B005C9F3C /* Frameworks */ = {
			isa = PBXFrameworksBuildPhase;
			buildActionMask = 2147483647;
			files = (
				F05B6FB1B513B05D4BB6C70D /* Pods_NewsApp_without_Storyboard.framework in Frameworks */,
			);
			runOnlyForDeploymentPostprocessing = 0;
		};
/* End PBXFrameworksBuildPhase section */

/* Begin PBXGroup section */
		17A50B75F011C1EB9E35E7C7 /* Frameworks */ = {
			isa = PBXGroup;
			children = (
				A11915D442F17763330EAC28 /* Pods_NewsApp_without_Storyboard.framework */,
			);
			name = Frameworks;
			sourceTree = "<group>";
		};
		417D0A4826534F5B005C9F3C = {
			isa = PBXGroup;
			children = (
				417D0A5326534F5B005C9F3C /* NewsApp_without_Storyboard */,
				417D0A5226534F5B005C9F3C /* Products */,
				D5680E1EAF294F5BEEFD5CA5 /* Pods */,
				17A50B75F011C1EB9E35E7C7 /* Frameworks */,
			);
			sourceTree = "<group>";
		};
		417D0A5226534F5B005C9F3C /* Products */ = {
			isa = PBXGroup;
			children = (
				417D0A5126534F5B005C9F3C /* NewsApp_without_Storyboard.app */,
			);
			name = Products;
			sourceTree = "<group>";
		};
		417D0A5326534F5B005C9F3C /* NewsApp_without_Storyboard */ = {
			isa = PBXGroup;
			children = (
				417D0A732653535D005C9F3C /* Service */,
				417D0A70265352EF005C9F3C /* Model */,
				417D0A6D2653516C005C9F3C /* Views */,
				417D0A6826534F79005C9F3C /* Controllers */,
				417D0A7626538FFD005C9F3C /* SupportingFiles */,
				417D0A6226534F5E005C9F3C /* Info.plist */,
			);
			path = NewsApp_without_Storyboard;
			sourceTree = "<group>";
		};
		417D0A6826534F79005C9F3C /* Controllers */ = {
			isa = PBXGroup;
			children = (
				417D0A6B265350D2005C9F3C /* TableViewController.swift */,
			);
			path = Controllers;
			sourceTree = "<group>";
		};
		417D0A6D2653516C005C9F3C /* Views */ = {
			isa = PBXGroup;
			children = (
				417D0A6E2653517D005C9F3C /* TableViewCell.swift */,
			);
			path = Views;
			sourceTree = "<group>";
		};
		417D0A70265352EF005C9F3C /* Model */ = {
			isa = PBXGroup;
			children = (
				417D0A71265352FD005C9F3C /* Model.swift */,
			);
			path = Model;
			sourceTree = "<group>";
		};
		417D0A732653535D005C9F3C /* Service */ = {
			isa = PBXGroup;
			children = (
				417D0A742653536A005C9F3C /* NewsService.swift */,
			);
			path = Service;
			sourceTree = "<group>";
		};
		417D0A7626538FFD005C9F3C /* SupportingFiles */ = {
			isa = PBXGroup;
			children = (
				417D0A5A26534F5B005C9F3C /* Main.storyboard */,
				417D0A5D26534F5E005C9F3C /* Assets.xcassets */,
				417D0A5F26534F5E005C9F3C /* LaunchScreen.storyboard */,
				417D0A5426534F5B005C9F3C /* AppDelegate.swift */,
				417D0A5626534F5B005C9F3C /* SceneDelegate.swift */,
			);
			path = SupportingFiles;
			sourceTree = "<group>";
		};
		D5680E1EAF294F5BEEFD5CA5 /* Pods */ = {
			isa = PBXGroup;
			children = (
				CC397C7C766CA5E5630C5133 /* Pods-NewsApp_without_Storyboard.debug.xcconfig */,
				B882FC6E0D9C1409E551E73C /* Pods-NewsApp_without_Storyboard.release.xcconfig */,
			);
			path = Pods;
			sourceTree = "<group>";
		};
/* End PBXGroup section */

/* Begin PBXNativeTarget section */
		417D0A5026534F5B005C9F3C /* NewsApp_without_Storyboard */ = {
			isa = PBXNativeTarget;
			buildConfigurationList = 417D0A6526534F5F005C9F3C /* Build configuration list for PBXNativeTarget "NewsApp_without_Storyboard" */;
			buildPhases = (
				DE2936C881ADC69F9FE991F8 /* [CP] Check Pods Manifest.lock */,
				417D0A4D26534F5B005C9F3C /* Sources */,
				417D0A4E26534F5B005C9F3C /* Frameworks */,
				417D0A4F26534F5B005C9F3C /* Resources */,
				6DC203C237FDAF7BFB958FDE /* [CP] Embed Pods Frameworks */,
			);
			buildRules = (
			);
			dependencies = (
			);
			name = NewsApp_without_Storyboard;
			productName = NewsApp_without_Storyboard;
			productReference = 417D0A5126534F5B005C9F3C /* NewsApp_without_Storyboard.app */;
			productType = "com.apple.product-type.application";
		};
/* End PBXNativeTarget section */

/* Begin PBXProject section */
		417D0A4926534F5B005C9F3C /* Project object */ = {
			isa = PBXProject;
			attributes = {
				LastSwiftUpdateCheck = 1250;
				LastUpgradeCheck = 1250;
				TargetAttributes = {
					417D0A5026534F5B005C9F3C = {
						CreatedOnToolsVersion = 12.5;
					};
				};
			};
			buildConfigurationList = 417D0A4C26534F5B005C9F3C /* Build configuration list for PBXProject "NewsApp_without_Storyboard" */;
			compatibilityVersion = "Xcode 9.3";
			developmentRegion = en;
			hasScannedForEncodings = 0;
			knownRegions = (
				en,
				Base,
			);
			mainGroup = 417D0A4826534F5B005C9F3C;
			productRefGroup = 417D0A5226534F5B005C9F3C /* Products */;
			projectDirPath = "";
			projectRoot = "";
			targets = (
				417D0A5026534F5B005C9F3C /* NewsApp_without_Storyboard */,
			);
		};
/* End PBXProject section */

/* Begin PBXResourcesBuildPhase section */
		417D0A4F26534F5B005C9F3C /* Resources */ = {
			isa = PBXResourcesBuildPhase;
			buildActionMask = 2147483647;
			files = (
				417D0A6126534F5E005C9F3C /* LaunchScreen.storyboard in Resources */,
				417D0A5E26534F5E005C9F3C /* Assets.xcassets in Resources */,
				417D0A5C26534F5B005C9F3C /* Main.storyboard in Resources */,
			);
			runOnlyForDeploymentPostprocessing = 0;
		};
/* End PBXResourcesBuildPhase section */

/* Begin PBXShellScriptBuildPhase section */
		6DC203C237FDAF7BFB958FDE /* [CP] Embed Pods Frameworks */ = {
			isa = PBXShellScriptBuildPhase;
			buildActionMask = 2147483647;
			files = (
			);
			inputFileListPaths = (
				"${PODS_ROOT}/Target Support Files/Pods-NewsApp_without_Storyboard/Pods-NewsApp_without_Storyboard-frameworks-${CONFIGURATION}-input-files.xcfilelist",
			);
			name = "[CP] Embed Pods Frameworks";
			outputFileListPaths = (
				"${PODS_ROOT}/Target Support Files/Pods-NewsApp_without_Storyboard/Pods-NewsApp_without_Storyboard-frameworks-${CONFIGURATION}-output-files.xcfilelist",
			);
			runOnlyForDeploymentPostprocessing = 0;
			shellPath = /bin/sh;
			shellScript = "\"${PODS_ROOT}/Target Support Files/Pods-NewsApp_without_Storyboard/Pods-NewsApp_without_Storyboard-frameworks.sh\"\n";
			showEnvVarsInLog = 0;
		};
		DE2936C881ADC69F9FE991F8 /* [CP] Check Pods Manifest.lock */ = {
			isa = PBXShellScriptBuildPhase;
			buildActionMask = 2147483647;
			files = (
			);
			inputFileListPaths = (
			);
			inputPaths = (
				"${PODS_PODFILE_DIR_PATH}/Podfile.lock",
				"${PODS_ROOT}/Manifest.lock",
			);
			name = "[CP] Check Pods Manifest.lock";
			outputFileListPaths = (
			);
			outputPaths = (
				"$(DERIVED_FILE_DIR)/Pods-NewsApp_without_Storyboard-checkManifestLockResult.txt",
			);
			runOnlyForDeploymentPostprocessing = 0;
			shellPath = /bin/sh;
			shellScript = "diff \"${PODS_PODFILE_DIR_PATH}/Podfile.lock\" \"${PODS_ROOT}/Manifest.lock\" > /dev/null\nif [ $? != 0 ] ; then\n    # print error to STDERR\n    echo \"error: The sandbox is not in sync with the Podfile.lock. Run 'pod install' or update your CocoaPods installation.\" >&2\n    exit 1\nfi\n# This output is used by Xcode 'outputs' to avoid re-running this script phase.\necho \"SUCCESS\" > \"${SCRIPT_OUTPUT_FILE_0}\"\n";
			showEnvVarsInLog = 0;
		};
/* End PBXShellScriptBuildPhase section */

/* Begin PBXSourcesBuildPhase section */
		417D0A4D26534F5B005C9F3C /* Sources */ = {
			isa = PBXSourcesBuildPhase;
			buildActionMask = 2147483647;
			files = (
				417D0A752653536A005C9F3C /* NewsService.swift in Sources */,
				417D0A72265352FD005C9F3C /* Model.swift in Sources */,
				417D0A5526534F5B005C9F3C /* AppDelegate.swift in Sources */,
				417D0A6F2653517D005C9F3C /* TableViewCell.swift in Sources */,
				417D0A5726534F5B005C9F3C /* SceneDelegate.swift in Sources */,
				417D0A6C265350D2005C9F3C /* TableViewController.swift in Sources */,
			);
			runOnlyForDeploymentPostprocessing = 0;
		};
/* End PBXSourcesBuildPhase section */

/* Begin PBXVariantGroup section */
		417D0A5A26534F5B005C9F3C /* Main.storyboard */ = {
			isa = PBXVariantGroup;
			children = (
				417D0A5B26534F5B005C9F3C /* Base */,
			);
			name = Main.storyboard;
			sourceTree = "<group>";
		};
		417D0A5F26534F5E005C9F3C /* LaunchScreen.storyboard */ = {
			isa = PBXVariantGroup;
			children = (
				417D0A6026534F5E005C9F3C /* Base */,
			);
			name = LaunchScreen.storyboard;
			sourceTree = "<group>";
		};
/* End PBXVariantGroup section */

/* Begin XCBuildConfiguration section */
		417D0A6326534F5E005C9F3C /* Debug */ = {
			isa = XCBuildConfiguration;
			buildSettings = {
				ALWAYS_SEARCH_USER_PATHS = NO;
				CLANG_ANALYZER_NONNULL = YES;
				CLANG_ANALYZER_NUMBER_OBJECT_CONVERSION = YES_AGGRESSIVE;
				CLANG_CXX_LANGUAGE_STANDARD = "gnu++14";
				CLANG_CXX_LIBRARY = "libc++";
				CLANG_ENABLE_MODULES = YES;
				CLANG_ENABLE_OBJC_ARC = YES;
				CLANG_ENABLE_OBJC_WEAK = YES;
				CLANG_WARN_BLOCK_CAPTURE_AUTORELEASING = YES;
				CLANG_WARN_BOOL_CONVERSION = YES;
				CLANG_WARN_COMMA = YES;
				CLANG_WARN_CONSTANT_CONVERSION = YES;
				CLANG_WARN_DEPRECATED_OBJC_IMPLEMENTATIONS = YES;
				CLANG_WARN_DIRECT_OBJC_ISA_USAGE = YES_ERROR;
				CLANG_WARN_DOCUMENTATION_COMMENTS = YES;
				CLANG_WARN_EMPTY_BODY = YES;
				CLANG_WARN_ENUM_CONVERSION = YES;
				CLANG_WARN_INFINITE_RECURSION = YES;
				CLANG_WARN_INT_CONVERSION = YES;
				CLANG_WARN_NON_LITERAL_NULL_CONVERSION = YES;
				CLANG_WARN_OBJC_IMPLICIT_RETAIN_SELF = YES;
				CLANG_WARN_OBJC_LITERAL_CONVERSION = YES;
				CLANG_WARN_OBJC_ROOT_CLASS = YES_ERROR;
				CLANG_WARN_QUOTED_INCLUDE_IN_FRAMEWORK_HEADER = YES;
				CLANG_WARN_RANGE_LOOP_ANALYSIS = YES;
				CLANG_WARN_STRICT_PROTOTYPES = YES;
				CLANG_WARN_SUSPICIOUS_MOVE = YES;
				CLANG_WARN_UNGUARDED_AVAILABILITY = YES_AGGRESSIVE;
				CLANG_WARN_UNREACHABLE_CODE = YES;
				CLANG_WARN__DUPLICATE_METHOD_MATCH = YES;
				COPY_PHASE_STRIP = NO;
				DEBUG_INFORMATION_FORMAT = dwarf;
				ENABLE_STRICT_OBJC_MSGSEND = YES;
				ENABLE_TESTABILITY = YES;
				GCC_C_LANGUAGE_STANDARD = gnu11;
				GCC_DYNAMIC_NO_PIC = NO;
				GCC_NO_COMMON_BLOCKS = YES;
				GCC_OPTIMIZATION_LEVEL = 0;
				GCC_PREPROCESSOR_DEFINITIONS = (
					"DEBUG=1",
					"$(inherited)",
				);
				GCC_WARN_64_TO_32_BIT_CONVERSION = YES;
				GCC_WARN_ABOUT_RETURN_TYPE = YES_ERROR;
				GCC_WARN_UNDECLARED_SELECTOR = YES;
				GCC_WARN_UNINITIALIZED_AUTOS = YES_AGGRESSIVE;
				GCC_WARN_UNUSED_FUNCTION = YES;
				GCC_WARN_UNUSED_VARIABLE = YES;
				IPHONEOS_DEPLOYMENT_TARGET = 14.5;
				MTL_ENABLE_DEBUG_INFO = INCLUDE_SOURCE;
				MTL_FAST_MATH = YES;
				ONLY_ACTIVE_ARCH = YES;
				SDKROOT = iphoneos;
				SWIFT_ACTIVE_COMPILATION_CONDITIONS = DEBUG;
				SWIFT_OPTIMIZATION_LEVEL = "-Onone";
			};
			name = Debug;
		};
		417D0A6426534F5F005C9F3C /* Release */ = {
			isa = XCBuildConfiguration;
			buildSettings = {
				ALWAYS_SEARCH_USER_PATHS = NO;
				CLANG_ANALYZER_NONNULL = YES;
				CLANG_ANALYZER_NUMBER_OBJECT_CONVERSION = YES_AGGRESSIVE;
				CLANG_CXX_LANGUAGE_STANDARD = "gnu++14";
				CLANG_CXX_LIBRARY = "libc++";
				CLANG_ENABLE_MODULES = YES;
				CLANG_ENABLE_OBJC_ARC = YES;
				CLANG_ENABLE_OBJC_WEAK = YES;
				CLANG_WARN_BLOCK_CAPTURE_AUTORELEASING = YES;
				CLANG_WARN_BOOL_CONVERSION = YES;
				CLANG_WARN_COMMA = YES;
				CLANG_WARN_CONSTANT_CONVERSION = YES;
				CLANG_WARN_DEPRECATED_OBJC_IMPLEMENTATIONS = YES;
				CLANG_WARN_DIRECT_OBJC_ISA_USAGE = YES_ERROR;
				CLANG_WARN_DOCUMENTATION_COMMENTS = YES;
				CLANG_WARN_EMPTY_BODY = YES;
				CLANG_WARN_ENUM_CONVERSION = YES;
				CLANG_WARN_INFINITE_RECURSION = YES;
				CLANG_WARN_INT_CONVERSION = YES;
				CLANG_WARN_NON_LITERAL_NULL_CONVERSION = YES;
				CLANG_WARN_OBJC_IMPLICIT_RETAIN_SELF = YES;
				CLANG_WARN_OBJC_LITERAL_CONVERSION = YES;
				CLANG_WARN_OBJC_ROOT_CLASS = YES_ERROR;
				CLANG_WARN_QUOTED_INCLUDE_IN_FRAMEWORK_HEADER = YES;
				CLANG_WARN_RANGE_LOOP_ANALYSIS = YES;
				CLANG_WARN_STRICT_PROTOTYPES = YES;
				CLANG_WARN_SUSPICIOUS_MOVE = YES;
				CLANG_WARN_UNGUARDED_AVAILABILITY = YES_AGGRESSIVE;
				CLANG_WARN_UNREACHABLE_CODE = YES;
				CLANG_WARN__DUPLICATE_METHOD_MATCH = YES;
				COPY_PHASE_STRIP = NO;
				DEBUG_INFORMATION_FORMAT = "dwarf-with-dsym";
				ENABLE_NS_ASSERTIONS = NO;
				ENABLE_STRICT_OBJC_MSGSEND = YES;
				GCC_C_LANGUAGE_STANDARD = gnu11;
				GCC_NO_COMMON_BLOCKS = YES;
				GCC_WARN_64_TO_32_BIT_CONVERSION = YES;
				GCC_WARN_ABOUT_RETURN_TYPE = YES_ERROR;
				GCC_WARN_UNDECLARED_SELECTOR = YES;
				GCC_WARN_UNINITIALIZED_AUTOS = YES_AGGRESSIVE;
				GCC_WARN_UNUSED_FUNCTION = YES;
				GCC_WARN_UNUSED_VARIABLE = YES;
				IPHONEOS_DEPLOYMENT_TARGET = 14.5;
				MTL_ENABLE_DEBUG_INFO = NO;
				MTL_FAST_MATH = YES;
				SDKROOT = iphoneos;
				SWIFT_COMPILATION_MODE = wholemodule;
				SWIFT_OPTIMIZATION_LEVEL = "-O";
				VALIDATE_PRODUCT = YES;
			};
			name = Release;
		};
		417D0A6626534F5F005C9F3C /* Debug */ = {
			isa = XCBuildConfiguration;
			baseConfigurationReference = CC397C7C766CA5E5630C5133 /* Pods-NewsApp_without_Storyboard.debug.xcconfig */;
			buildSettings = {
				ASSETCATALOG_COMPILER_APPICON_NAME = AppIcon;
				ASSETCATALOG_COMPILER_GLOBAL_ACCENT_COLOR_NAME = AccentColor;
				CODE_SIGN_STYLE = Automatic;
				INFOPLIST_FILE = NewsApp_without_Storyboard/Info.plist;
				LD_RUNPATH_SEARCH_PATHS = (
					"$(inherited)",
					"@executable_path/Frameworks",
				);
				PRODUCT_BUNDLE_IDENTIFIER = "dangsal.NewsApp-without-Storyboard";
				PRODUCT_NAME = "$(TARGET_NAME)";
				SWIFT_VERSION = 5.0;
				TARGETED_DEVICE_FAMILY = "1,2";
			};
			name = Debug;
		};
		417D0A6726534F5F005C9F3C /* Release */ = {
			isa = XCBuildConfiguration;
			baseConfigurationReference = B882FC6E0D9C1409E551E73C /* Pods-NewsApp_without_Storyboard.release.xcconfig */;
			buildSettings = {
				ASSETCATALOG_COMPILER_APPICON_NAME = AppIcon;
				ASSETCATALOG_COMPILER_GLOBAL_ACCENT_COLOR_NAME = AccentColor;
				CODE_SIGN_STYLE = Automatic;
				INFOPLIST_FILE = NewsApp_without_Storyboard/Info.plist;
				LD_RUNPATH_SEARCH_PATHS = (
					"$(inherited)",
					"@executable_path/Frameworks",
				);
				PRODUCT_BUNDLE_IDENTIFIER = "dangsal.NewsApp-without-Storyboard";
				PRODUCT_NAME = "$(TARGET_NAME)";
				SWIFT_VERSION = 5.0;
				TARGETED_DEVICE_FAMILY = "1,2";
			};
			name = Release;
		};
/* End XCBuildConfiguration section */

/* Begin XCConfigurationList section */
		417D0A4C26534F5B005C9F3C /* Build configuration list for PBXProject "NewsApp_without_Storyboard" */ = {
			isa = XCConfigurationList;
			buildConfigurations = (
				417D0A6326534F5E005C9F3C /* Debug */,
				417D0A6426534F5F005C9F3C /* Release */,
			);
			defaultConfigurationIsVisible = 0;
			defaultConfigurationName = Release;
		};
		417D0A6526534F5F005C9F3C /* Build configuration list for PBXNativeTarget "NewsApp_without_Storyboard" */ = {
			isa = XCConfigurationList;
			buildConfigurations = (
				417D0A6626534F5F005C9F3C /* Debug */,
				417D0A6726534F5F005C9F3C /* Release */,
			);
			defaultConfigurationIsVisible = 0;
			defaultConfigurationName = Release;
		};
/* End XCConfigurationList section */
	};
	rootObject = 417D0A4926534F5B005C9F3C /* Project object */;
}
