// !$*UTF8*$!
{
	archiveVersion = 1;
	classes = {
	};
	objectVersion = 50;
	objects = {

/* Begin PBXBuildFile section */
		D7560DF226A717A00011CDF9 /* AppDelegate.swift in Sources */ = {isa = PBXBuildFile; fileRef = D7560DF126A717A00011CDF9 /* AppDelegate.swift */; };
		D7560DF426A717A00011CDF9 /* SceneDelegate.swift in Sources */ = {isa = PBXBuildFile; fileRef = D7560DF326A717A00011CDF9 /* SceneDelegate.swift */; };
		D7560DF926A717A00011CDF9 /* Main.storyboard in Resources */ = {isa = PBXBuildFile; fileRef = D7560DF726A717A00011CDF9 /* Main.storyboard */; };
		D7560DFB26A717A10011CDF9 /* Assets.xcassets in Resources */ = {isa = PBXBuildFile; fileRef = D7560DFA26A717A10011CDF9 /* Assets.xcassets */; };
		D7560DFE26A717A10011CDF9 /* LaunchScreen.storyboard in Resources */ = {isa = PBXBuildFile; fileRef = D7560DFC26A717A10011CDF9 /* LaunchScreen.storyboard */; };
		D7560E0926A717A10011CDF9 /* LocationTests.swift in Sources */ = {isa = PBXBuildFile; fileRef = D7560E0826A717A10011CDF9 /* LocationTests.swift */; };
		D7560E1426A717A10011CDF9 /* LocationUITests.swift in Sources */ = {isa = PBXBuildFile; fileRef = D7560E1326A717A10011CDF9 /* LocationUITests.swift */; };
		D7560E2426A717E80011CDF9 /* LocationViewController.swift in Sources */ = {isa = PBXBuildFile; fileRef = D7560E2326A717E80011CDF9 /* LocationViewController.swift */; };
/* End PBXBuildFile section */

/* Begin PBXContainerItemProxy section */
		D7560E0526A717A10011CDF9 /* PBXContainerItemProxy */ = {
			isa = PBXContainerItemProxy;
			containerPortal = D7560DE626A717A00011CDF9 /* Project object */;
			proxyType = 1;
			remoteGlobalIDString = D7560DED26A717A00011CDF9;
			remoteInfo = Location;
		};
		D7560E1026A717A10011CDF9 /* PBXContainerItemProxy */ = {
			isa = PBXContainerItemProxy;
			containerPortal = D7560DE626A717A00011CDF9 /* Project object */;
			proxyType = 1;
			remoteGlobalIDString = D7560DED26A717A00011CDF9;
			remoteInfo = Location;
		};
/* End PBXContainerItemProxy section */

/* Begin PBXFileReference section */
		D7560DEE26A717A00011CDF9 /* Location.app */ = {isa = PBXFileReference; explicitFileType = wrapper.application; includeInIndex = 0; path = Location.app; sourceTree = BUILT_PRODUCTS_DIR; };
		D7560DF126A717A00011CDF9 /* AppDelegate.swift */ = {isa = PBXFileReference; lastKnownFileType = sourcecode.swift; path = AppDelegate.swift; sourceTree = "<group>"; };
		D7560DF326A717A00011CDF9 /* SceneDelegate.swift */ = {isa = PBXFileReference; lastKnownFileType = sourcecode.swift; path = SceneDelegate.swift; sourceTree = "<group>"; };
		D7560DF826A717A00011CDF9 /* Base */ = {isa = PBXFileReference; lastKnownFileType = file.storyboard; name = Base; path = Base.lproj/Main.storyboard; sourceTree = "<group>"; };
		D7560DFA26A717A10011CDF9 /* Assets.xcassets */ = {isa = PBXFileReference; lastKnownFileType = folder.assetcatalog; path = Assets.xcassets; sourceTree = "<group>"; };
		D7560DFD26A717A10011CDF9 /* Base */ = {isa = PBXFileReference; lastKnownFileType = file.storyboard; name = Base; path = Base.lproj/LaunchScreen.storyboard; sourceTree = "<group>"; };
		D7560DFF26A717A10011CDF9 /* Info.plist */ = {isa = PBXFileReference; lastKnownFileType = text.plist.xml; path = Info.plist; sourceTree = "<group>"; };
		D7560E0426A717A10011CDF9 /* LocationTests.xctest */ = {isa = PBXFileReference; explicitFileType = wrapper.cfbundle; includeInIndex = 0; path = LocationTests.xctest; sourceTree = BUILT_PRODUCTS_DIR; };
		D7560E0826A717A10011CDF9 /* LocationTests.swift */ = {isa = PBXFileReference; lastKnownFileType = sourcecode.swift; path = LocationTests.swift; sourceTree = "<group>"; };
		D7560E0A26A717A10011CDF9 /* Info.plist */ = {isa = PBXFileReference; lastKnownFileType = text.plist.xml; path = Info.plist; sourceTree = "<group>"; };
		D7560E0F26A717A10011CDF9 /* LocationUITests.xctest */ = {isa = PBXFileReference; explicitFileType = wrapper.cfbundle; includeInIndex = 0; path = LocationUITests.xctest; sourceTree = BUILT_PRODUCTS_DIR; };
		D7560E1326A717A10011CDF9 /* LocationUITests.swift */ = {isa = PBXFileReference; lastKnownFileType = sourcecode.swift; path = LocationUITests.swift; sourceTree = "<group>"; };
		D7560E1526A717A10011CDF9 /* Info.plist */ = {isa = PBXFileReference; lastKnownFileType = text.plist.xml; path = Info.plist; sourceTree = "<group>"; };
		D7560E2326A717E80011CDF9 /* LocationViewController.swift */ = {isa = PBXFileReference; lastKnownFileType = sourcecode.swift; path = LocationViewController.swift; sourceTree = "<group>"; };
/* End PBXFileReference section */

/* Begin PBXFrameworksBuildPhase section */
		D7560DEB26A717A00011CDF9 /* Frameworks */ = {
			isa = PBXFrameworksBuildPhase;
			buildActionMask = 2147483647;
			files = (
			);
			runOnlyForDeploymentPostprocessing = 0;
		};
		D7560E0126A717A10011CDF9 /* Frameworks */ = {
			isa = PBXFrameworksBuildPhase;
			buildActionMask = 2147483647;
			files = (
			);
			runOnlyForDeploymentPostprocessing = 0;
		};
		D7560E0C26A717A10011CDF9 /* Frameworks */ = {
			isa = PBXFrameworksBuildPhase;
			buildActionMask = 2147483647;
			files = (
			);
			runOnlyForDeploymentPostprocessing = 0;
		};
/* End PBXFrameworksBuildPhase section */

/* Begin PBXGroup section */
		D7560DE526A717A00011CDF9 = {
			isa = PBXGroup;
			children = (
				D7560DF026A717A00011CDF9 /* Location */,
				D7560E0726A717A10011CDF9 /* LocationTests */,
				D7560E1226A717A10011CDF9 /* LocationUITests */,
				D7560DEF26A717A00011CDF9 /* Products */,
			);
			sourceTree = "<group>";
		};
		D7560DEF26A717A00011CDF9 /* Products */ = {
			isa = PBXGroup;
			children = (
				D7560DEE26A717A00011CDF9 /* Location.app */,
				D7560E0426A717A10011CDF9 /* LocationTests.xctest */,
				D7560E0F26A717A10011CDF9 /* LocationUITests.xctest */,
			);
			name = Products;
			sourceTree = "<group>";
		};
		D7560DF026A717A00011CDF9 /* Location */ = {
			isa = PBXGroup;
			children = (
				D7560E2226A717C40011CDF9 /* Controllers */,
				D7560E2126A717B50011CDF9 /* SupportingFiles */,
				D7560DFF26A717A10011CDF9 /* Info.plist */,
			);
			path = Location;
			sourceTree = "<group>";
		};
		D7560E0726A717A10011CDF9 /* LocationTests */ = {
			isa = PBXGroup;
			children = (
				D7560E0826A717A10011CDF9 /* LocationTests.swift */,
				D7560E0A26A717A10011CDF9 /* Info.plist */,
			);
			path = LocationTests;
			sourceTree = "<group>";
		};
		D7560E1226A717A10011CDF9 /* LocationUITests */ = {
			isa = PBXGroup;
			children = (
				D7560E1326A717A10011CDF9 /* LocationUITests.swift */,
				D7560E1526A717A10011CDF9 /* Info.plist */,
			);
			path = LocationUITests;
			sourceTree = "<group>";
		};
		D7560E2126A717B50011CDF9 /* SupportingFiles */ = {
			isa = PBXGroup;
			children = (
				D7560DF126A717A00011CDF9 /* AppDelegate.swift */,
				D7560DF326A717A00011CDF9 /* SceneDelegate.swift */,
				D7560DF726A717A00011CDF9 /* Main.storyboard */,
				D7560DFA26A717A10011CDF9 /* Assets.xcassets */,
				D7560DFC26A717A10011CDF9 /* LaunchScreen.storyboard */,
			);
			path = SupportingFiles;
			sourceTree = "<group>";
		};
		D7560E2226A717C40011CDF9 /* Controllers */ = {
			isa = PBXGroup;
			children = (
				D7560E2326A717E80011CDF9 /* LocationViewController.swift */,
			);
			path = Controllers;
			sourceTree = "<group>";
		};
/* End PBXGroup section */

/* Begin PBXNativeTarget section */
		D7560DED26A717A00011CDF9 /* Location */ = {
			isa = PBXNativeTarget;
			buildConfigurationList = D7560E1826A717A10011CDF9 /* Build configuration list for PBXNativeTarget "Location" */;
			buildPhases = (
				D7560DEA26A717A00011CDF9 /* Sources */,
				D7560DEB26A717A00011CDF9 /* Frameworks */,
				D7560DEC26A717A00011CDF9 /* Resources */,
			);
			buildRules = (
			);
			dependencies = (
			);
			name = Location;
			productName = Location;
			productReference = D7560DEE26A717A00011CDF9 /* Location.app */;
			productType = "com.apple.product-type.application";
		};
		D7560E0326A717A10011CDF9 /* LocationTests */ = {
			isa = PBXNativeTarget;
			buildConfigurationList = D7560E1B26A717A10011CDF9 /* Build configuration list for PBXNativeTarget "LocationTests" */;
			buildPhases = (
				D7560E0026A717A10011CDF9 /* Sources */,
				D7560E0126A717A10011CDF9 /* Frameworks */,
				D7560E0226A717A10011CDF9 /* Resources */,
			);
			buildRules = (
			);
			dependencies = (
				D7560E0626A717A10011CDF9 /* PBXTargetDependency */,
			);
			name = LocationTests;
			productName = LocationTests;
			productReference = D7560E0426A717A10011CDF9 /* LocationTests.xctest */;
			productType = "com.apple.product-type.bundle.unit-test";
		};
		D7560E0E26A717A10011CDF9 /* LocationUITests */ = {
			isa = PBXNativeTarget;
			buildConfigurationList = D7560E1E26A717A10011CDF9 /* Build configuration list for PBXNativeTarget "LocationUITests" */;
			buildPhases = (
				D7560E0B26A717A10011CDF9 /* Sources */,
				D7560E0C26A717A10011CDF9 /* Frameworks */,
				D7560E0D26A717A10011CDF9 /* Resources */,
			);
			buildRules = (
			);
			dependencies = (
				D7560E1126A717A10011CDF9 /* PBXTargetDependency */,
			);
			name = LocationUITests;
			productName = LocationUITests;
			productReference = D7560E0F26A717A10011CDF9 /* LocationUITests.xctest */;
			productType = "com.apple.product-type.bundle.ui-testing";
		};
/* End PBXNativeTarget section */

/* Begin PBXProject section */
		D7560DE626A717A00011CDF9 /* Project object */ = {
			isa = PBXProject;
			attributes = {
				LastSwiftUpdateCheck = 1250;
				LastUpgradeCheck = 1250;
				TargetAttributes = {
					D7560DED26A717A00011CDF9 = {
						CreatedOnToolsVersion = 12.5.1;
					};
					D7560E0326A717A10011CDF9 = {
						CreatedOnToolsVersion = 12.5.1;
						TestTargetID = D7560DED26A717A00011CDF9;
					};
					D7560E0E26A717A10011CDF9 = {
						CreatedOnToolsVersion = 12.5.1;
						TestTargetID = D7560DED26A717A00011CDF9;
					};
				};
			};
			buildConfigurationList = D7560DE926A717A00011CDF9 /* Build configuration list for PBXProject "Location" */;
			compatibilityVersion = "Xcode 9.3";
			developmentRegion = en;
			hasScannedForEncodings = 0;
			knownRegions = (
				en,
				Base,
			);
			mainGroup = D7560DE526A717A00011CDF9;
			productRefGroup = D7560DEF26A717A00011CDF9 /* Products */;
			projectDirPath = "";
			projectRoot = "";
			targets = (
				D7560DED26A717A00011CDF9 /* Location */,
				D7560E0326A717A10011CDF9 /* LocationTests */,
				D7560E0E26A717A10011CDF9 /* LocationUITests */,
			);
		};
/* End PBXProject section */

/* Begin PBXResourcesBuildPhase section */
		D7560DEC26A717A00011CDF9 /* Resources */ = {
			isa = PBXResourcesBuildPhase;
			buildActionMask = 2147483647;
			files = (
				D7560DFE26A717A10011CDF9 /* LaunchScreen.storyboard in Resources */,
				D7560DFB26A717A10011CDF9 /* Assets.xcassets in Resources */,
				D7560DF926A717A00011CDF9 /* Main.storyboard in Resources */,
			);
			runOnlyForDeploymentPostprocessing = 0;
		};
		D7560E0226A717A10011CDF9 /* Resources */ = {
			isa = PBXResourcesBuildPhase;
			buildActionMask = 2147483647;
			files = (
			);
			runOnlyForDeploymentPostprocessing = 0;
		};
		D7560E0D26A717A10011CDF9 /* Resources */ = {
			isa = PBXResourcesBuildPhase;
			buildActionMask = 2147483647;
			files = (
			);
			runOnlyForDeploymentPostprocessing = 0;
		};
/* End PBXResourcesBuildPhase section */

/* Begin PBXSourcesBuildPhase section */
		D7560DEA26A717A00011CDF9 /* Sources */ = {
			isa = PBXSourcesBuildPhase;
			buildActionMask = 2147483647;
			files = (
				D7560E2426A717E80011CDF9 /* LocationViewController.swift in Sources */,
				D7560DF226A717A00011CDF9 /* AppDelegate.swift in Sources */,
				D7560DF426A717A00011CDF9 /* SceneDelegate.swift in Sources */,
			);
			runOnlyForDeploymentPostprocessing = 0;
		};
		D7560E0026A717A10011CDF9 /* Sources */ = {
			isa = PBXSourcesBuildPhase;
			buildActionMask = 2147483647;
			files = (
				D7560E0926A717A10011CDF9 /* LocationTests.swift in Sources */,
			);
			runOnlyForDeploymentPostprocessing = 0;
		};
		D7560E0B26A717A10011CDF9 /* Sources */ = {
			isa = PBXSourcesBuildPhase;
			buildActionMask = 2147483647;
			files = (
				D7560E1426A717A10011CDF9 /* LocationUITests.swift in Sources */,
			);
			runOnlyForDeploymentPostprocessing = 0;
		};
/* End PBXSourcesBuildPhase section */

/* Begin PBXTargetDependency section */
		D7560E0626A717A10011CDF9 /* PBXTargetDependency */ = {
			isa = PBXTargetDependency;
			target = D7560DED26A717A00011CDF9 /* Location */;
			targetProxy = D7560E0526A717A10011CDF9 /* PBXContainerItemProxy */;
		};
		D7560E1126A717A10011CDF9 /* PBXTargetDependency */ = {
			isa = PBXTargetDependency;
			target = D7560DED26A717A00011CDF9 /* Location */;
			targetProxy = D7560E1026A717A10011CDF9 /* PBXContainerItemProxy */;
		};
/* End PBXTargetDependency section */

/* Begin PBXVariantGroup section */
		D7560DF726A717A00011CDF9 /* Main.storyboard */ = {
			isa = PBXVariantGroup;
			children = (
				D7560DF826A717A00011CDF9 /* Base */,
			);
			name = Main.storyboard;
			sourceTree = "<group>";
		};
		D7560DFC26A717A10011CDF9 /* LaunchScreen.storyboard */ = {
			isa = PBXVariantGroup;
			children = (
				D7560DFD26A717A10011CDF9 /* Base */,
			);
			name = LaunchScreen.storyboard;
			sourceTree = "<group>";
		};
/* End PBXVariantGroup section */

/* Begin XCBuildConfiguration section */
		D7560E1626A717A10011CDF9 /* Debug */ = {
			isa = XCBuildConfiguration;
			buildSettings = {
				ALWAYS_SEARCH_USER_PATHS = NO;
				CLANG_ANALYZER_NONNULL = YES;
				CLANG_ANALYZER_NUMBER_OBJECT_CONVERSION = YES_AGGRESSIVE;
				CLANG_CXX_LANGUAGE_STANDARD = "gnu++14";
				CLANG_CXX_LIBRARY = "libc++";
				CLANG_ENABLE_MODULES = YES;
				CLANG_ENABLE_OBJC_ARC = YES;
				CLANG_ENABLE_OBJC_WEAK = YES;
				CLANG_WARN_BLOCK_CAPTURE_AUTORELEASING = YES;
				CLANG_WARN_BOOL_CONVERSION = YES;
				CLANG_WARN_COMMA = YES;
				CLANG_WARN_CONSTANT_CONVERSION = YES;
				CLANG_WARN_DEPRECATED_OBJC_IMPLEMENTATIONS = YES;
				CLANG_WARN_DIRECT_OBJC_ISA_USAGE = YES_ERROR;
				CLANG_WARN_DOCUMENTATION_COMMENTS = YES;
				CLANG_WARN_EMPTY_BODY = YES;
				CLANG_WARN_ENUM_CONVERSION = YES;
				CLANG_WARN_INFINITE_RECURSION = YES;
				CLANG_WARN_INT_CONVERSION = YES;
				CLANG_WARN_NON_LITERAL_NULL_CONVERSION = YES;
				CLANG_WARN_OBJC_IMPLICIT_RETAIN_SELF = YES;
				CLANG_WARN_OBJC_LITERAL_CONVERSION = YES;
				CLANG_WARN_OBJC_ROOT_CLASS = YES_ERROR;
				CLANG_WARN_QUOTED_INCLUDE_IN_FRAMEWORK_HEADER = YES;
				CLANG_WARN_RANGE_LOOP_ANALYSIS = YES;
				CLANG_WARN_STRICT_PROTOTYPES = YES;
				CLANG_WARN_SUSPICIOUS_MOVE = YES;
				CLANG_WARN_UNGUARDED_AVAILABILITY = YES_AGGRESSIVE;
				CLANG_WARN_UNREACHABLE_CODE = YES;
				CLANG_WARN__DUPLICATE_METHOD_MATCH = YES;
				COPY_PHASE_STRIP = NO;
				DEBUG_INFORMATION_FORMAT = dwarf;
				ENABLE_STRICT_OBJC_MSGSEND = YES;
				ENABLE_TESTABILITY = YES;
				GCC_C_LANGUAGE_STANDARD = gnu11;
				GCC_DYNAMIC_NO_PIC = NO;
				GCC_NO_COMMON_BLOCKS = YES;
				GCC_OPTIMIZATION_LEVEL = 0;
				GCC_PREPROCESSOR_DEFINITIONS = (
					"DEBUG=1",
					"$(inherited)",
				);
				GCC_WARN_64_TO_32_BIT_CONVERSION = YES;
				GCC_WARN_ABOUT_RETURN_TYPE = YES_ERROR;
				GCC_WARN_UNDECLARED_SELECTOR = YES;
				GCC_WARN_UNINITIALIZED_AUTOS = YES_AGGRESSIVE;
				GCC_WARN_UNUSED_FUNCTION = YES;
				GCC_WARN_UNUSED_VARIABLE = YES;
				IPHONEOS_DEPLOYMENT_TARGET = 14.5;
				MTL_ENABLE_DEBUG_INFO = INCLUDE_SOURCE;
				MTL_FAST_MATH = YES;
				ONLY_ACTIVE_ARCH = YES;
				SDKROOT = iphoneos;
				SWIFT_ACTIVE_COMPILATION_CONDITIONS = DEBUG;
				SWIFT_OPTIMIZATION_LEVEL = "-Onone";
			};
			name = Debug;
		};
		D7560E1726A717A10011CDF9 /* Release */ = {
			isa = XCBuildConfiguration;
			buildSettings = {
				ALWAYS_SEARCH_USER_PATHS = NO;
				CLANG_ANALYZER_NONNULL = YES;
				CLANG_ANALYZER_NUMBER_OBJECT_CONVERSION = YES_AGGRESSIVE;
				CLANG_CXX_LANGUAGE_STANDARD = "gnu++14";
				CLANG_CXX_LIBRARY = "libc++";
				CLANG_ENABLE_MODULES = YES;
				CLANG_ENABLE_OBJC_ARC = YES;
				CLANG_ENABLE_OBJC_WEAK = YES;
				CLANG_WARN_BLOCK_CAPTURE_AUTORELEASING = YES;
				CLANG_WARN_BOOL_CONVERSION = YES;
				CLANG_WARN_COMMA = YES;
				CLANG_WARN_CONSTANT_CONVERSION = YES;
				CLANG_WARN_DEPRECATED_OBJC_IMPLEMENTATIONS = YES;
				CLANG_WARN_DIRECT_OBJC_ISA_USAGE = YES_ERROR;
				CLANG_WARN_DOCUMENTATION_COMMENTS = YES;
				CLANG_WARN_EMPTY_BODY = YES;
				CLANG_WARN_ENUM_CONVERSION = YES;
				CLANG_WARN_INFINITE_RECURSION = YES;
				CLANG_WARN_INT_CONVERSION = YES;
				CLANG_WARN_NON_LITERAL_NULL_CONVERSION = YES;
				CLANG_WARN_OBJC_IMPLICIT_RETAIN_SELF = YES;
				CLANG_WARN_OBJC_LITERAL_CONVERSION = YES;
				CLANG_WARN_OBJC_ROOT_CLASS = YES_ERROR;
				CLANG_WARN_QUOTED_INCLUDE_IN_FRAMEWORK_HEADER = YES;
				CLANG_WARN_RANGE_LOOP_ANALYSIS = YES;
				CLANG_WARN_STRICT_PROTOTYPES = YES;
				CLANG_WARN_SUSPICIOUS_MOVE = YES;
				CLANG_WARN_UNGUARDED_AVAILABILITY = YES_AGGRESSIVE;
				CLANG_WARN_UNREACHABLE_CODE = YES;
				CLANG_WARN__DUPLICATE_METHOD_MATCH = YES;
				COPY_PHASE_STRIP = NO;
				DEBUG_INFORMATION_FORMAT = "dwarf-with-dsym";
				ENABLE_NS_ASSERTIONS = NO;
				ENABLE_STRICT_OBJC_MSGSEND = YES;
				GCC_C_LANGUAGE_STANDARD = gnu11;
				GCC_NO_COMMON_BLOCKS = YES;
				GCC_WARN_64_TO_32_BIT_CONVERSION = YES;
				GCC_WARN_ABOUT_RETURN_TYPE = YES_ERROR;
				GCC_WARN_UNDECLARED_SELECTOR = YES;
				GCC_WARN_UNINITIALIZED_AUTOS = YES_AGGRESSIVE;
				GCC_WARN_UNUSED_FUNCTION = YES;
				GCC_WARN_UNUSED_VARIABLE = YES;
				IPHONEOS_DEPLOYMENT_TARGET = 14.5;
				MTL_ENABLE_DEBUG_INFO = NO;
				MTL_FAST_MATH = YES;
				SDKROOT = iphoneos;
				SWIFT_COMPILATION_MODE = wholemodule;
				SWIFT_OPTIMIZATION_LEVEL = "-O";
				VALIDATE_PRODUCT = YES;
			};
			name = Release;
		};
		D7560E1926A717A10011CDF9 /* Debug */ = {
			isa = XCBuildConfiguration;
			buildSettings = {
				ASSETCATALOG_COMPILER_APPICON_NAME = AppIcon;
				ASSETCATALOG_COMPILER_GLOBAL_ACCENT_COLOR_NAME = AccentColor;
				CODE_SIGN_STYLE = Automatic;
				DEVELOPMENT_TEAM = RGZ8HP6A2J;
				INFOPLIST_FILE = Location/Info.plist;
				LD_RUNPATH_SEARCH_PATHS = (
					"$(inherited)",
					"@executable_path/Frameworks",
				);
				PRODUCT_BUNDLE_IDENTIFIER = dangsal.Location;
				PRODUCT_NAME = "$(TARGET_NAME)";
				SWIFT_VERSION = 5.0;
				TARGETED_DEVICE_FAMILY = "1,2";
			};
			name = Debug;
		};
		D7560E1A26A717A10011CDF9 /* Release */ = {
			isa = XCBuildConfiguration;
			buildSettings = {
				ASSETCATALOG_COMPILER_APPICON_NAME = AppIcon;
				ASSETCATALOG_COMPILER_GLOBAL_ACCENT_COLOR_NAME = AccentColor;
				CODE_SIGN_STYLE = Automatic;
				DEVELOPMENT_TEAM = RGZ8HP6A2J;
				INFOPLIST_FILE = Location/Info.plist;
				LD_RUNPATH_SEARCH_PATHS = (
					"$(inherited)",
					"@executable_path/Frameworks",
				);
				PRODUCT_BUNDLE_IDENTIFIER = dangsal.Location;
				PRODUCT_NAME = "$(TARGET_NAME)";
				SWIFT_VERSION = 5.0;
				TARGETED_DEVICE_FAMILY = "1,2";
			};
			name = Release;
		};
		D7560E1C26A717A10011CDF9 /* Debug */ = {
			isa = XCBuildConfiguration;
			buildSettings = {
				ALWAYS_EMBED_SWIFT_STANDARD_LIBRARIES = YES;
				BUNDLE_LOADER = "$(TEST_HOST)";
				CODE_SIGN_STYLE = Automatic;
				DEVELOPMENT_TEAM = RGZ8HP6A2J;
				INFOPLIST_FILE = LocationTests/Info.plist;
				IPHONEOS_DEPLOYMENT_TARGET = 14.5;
				LD_RUNPATH_SEARCH_PATHS = (
					"$(inherited)",
					"@executable_path/Frameworks",
					"@loader_path/Frameworks",
				);
				PRODUCT_BUNDLE_IDENTIFIER = dangsal.LocationTests;
				PRODUCT_NAME = "$(TARGET_NAME)";
				SWIFT_VERSION = 5.0;
				TARGETED_DEVICE_FAMILY = "1,2";
				TEST_HOST = "$(BUILT_PRODUCTS_DIR)/Location.app/Location";
			};
			name = Debug;
		};
		D7560E1D26A717A10011CDF9 /* Release */ = {
			isa = XCBuildConfiguration;
			buildSettings = {
				ALWAYS_EMBED_SWIFT_STANDARD_LIBRARIES = YES;
				BUNDLE_LOADER = "$(TEST_HOST)";
				CODE_SIGN_STYLE = Automatic;
				DEVELOPMENT_TEAM = RGZ8HP6A2J;
				INFOPLIST_FILE = LocationTests/Info.plist;
				IPHONEOS_DEPLOYMENT_TARGET = 14.5;
				LD_RUNPATH_SEARCH_PATHS = (
					"$(inherited)",
					"@executable_path/Frameworks",
					"@loader_path/Frameworks",
				);
				PRODUCT_BUNDLE_IDENTIFIER = dangsal.LocationTests;
				PRODUCT_NAME = "$(TARGET_NAME)";
				SWIFT_VERSION = 5.0;
				TARGETED_DEVICE_FAMILY = "1,2";
				TEST_HOST = "$(BUILT_PRODUCTS_DIR)/Location.app/Location";
			};
			name = Release;
		};
		D7560E1F26A717A10011CDF9 /* Debug */ = {
			isa = XCBuildConfiguration;
			buildSettings = {
				ALWAYS_EMBED_SWIFT_STANDARD_LIBRARIES = YES;
				CODE_SIGN_STYLE = Automatic;
				DEVELOPMENT_TEAM = RGZ8HP6A2J;
				INFOPLIST_FILE = LocationUITests/Info.plist;
				LD_RUNPATH_SEARCH_PATHS = (
					"$(inherited)",
					"@executable_path/Frameworks",
					"@loader_path/Frameworks",
				);
				PRODUCT_BUNDLE_IDENTIFIER = dangsal.LocationUITests;
				PRODUCT_NAME = "$(TARGET_NAME)";
				SWIFT_VERSION = 5.0;
				TARGETED_DEVICE_FAMILY = "1,2";
				TEST_TARGET_NAME = Location;
			};
			name = Debug;
		};
		D7560E2026A717A10011CDF9 /* Release */ = {
			isa = XCBuildConfiguration;
			buildSettings = {
				ALWAYS_EMBED_SWIFT_STANDARD_LIBRARIES = YES;
				CODE_SIGN_STYLE = Automatic;
				DEVELOPMENT_TEAM = RGZ8HP6A2J;
				INFOPLIST_FILE = LocationUITests/Info.plist;
				LD_RUNPATH_SEARCH_PATHS = (
					"$(inherited)",
					"@executable_path/Frameworks",
					"@loader_path/Frameworks",
				);
				PRODUCT_BUNDLE_IDENTIFIER = dangsal.LocationUITests;
				PRODUCT_NAME = "$(TARGET_NAME)";
				SWIFT_VERSION = 5.0;
				TARGETED_DEVICE_FAMILY = "1,2";
				TEST_TARGET_NAME = Location;
			};
			name = Release;
		};
/* End XCBuildConfiguration section */

/* Begin XCConfigurationList section */
		D7560DE926A717A00011CDF9 /* Build configuration list for PBXProject "Location" */ = {
			isa = XCConfigurationList;
			buildConfigurations = (
				D7560E1626A717A10011CDF9 /* Debug */,
				D7560E1726A717A10011CDF9 /* Release */,
			);
			defaultConfigurationIsVisible = 0;
			defaultConfigurationName = Release;
		};
		D7560E1826A717A10011CDF9 /* Build configuration list for PBXNativeTarget "Location" */ = {
			isa = XCConfigurationList;
			buildConfigurations = (
				D7560E1926A717A10011CDF9 /* Debug */,
				D7560E1A26A717A10011CDF9 /* Release */,
			);
			defaultConfigurationIsVisible = 0;
			defaultConfigurationName = Release;
		};
		D7560E1B26A717A10011CDF9 /* Build configuration list for PBXNativeTarget "LocationTests" */ = {
			isa = XCConfigurationList;
			buildConfigurations = (
				D7560E1C26A717A10011CDF9 /* Debug */,
				D7560E1D26A717A10011CDF9 /* Release */,
			);
			defaultConfigurationIsVisible = 0;
			defaultConfigurationName = Release;
		};
		D7560E1E26A717A10011CDF9 /* Build configuration list for PBXNativeTarget "LocationUITests" */ = {
			isa = XCConfigurationList;
			buildConfigurations = (
				D7560E1F26A717A10011CDF9 /* Debug */,
				D7560E2026A717A10011CDF9 /* Release */,
			);
			defaultConfigurationIsVisible = 0;
			defaultConfigurationName = Release;
		};
/* End XCConfigurationList section */
	};
	rootObject = D7560DE626A717A00011CDF9 /* Project object */;
}
