// !$*UTF8*$!
{
	archiveVersion = 1;
	classes = {
	};
	objectVersion = 50;
	objects = {

/* Begin PBXBuildFile section */
		D7A1128326A54735004ECC09 /* AppDelegate.swift in Sources */ = {isa = PBXBuildFile; fileRef = D7A1128226A54735004ECC09 /* AppDelegate.swift */; };
		D7A1128526A54735004ECC09 /* SceneDelegate.swift in Sources */ = {isa = PBXBuildFile; fileRef = D7A1128426A54735004ECC09 /* SceneDelegate.swift */; };
		D7A1128A26A54735004ECC09 /* Main.storyboard in Resources */ = {isa = PBXBuildFile; fileRef = D7A1128826A54735004ECC09 /* Main.storyboard */; };
		D7A1128C26A54735004ECC09 /* Assets.xcassets in Resources */ = {isa = PBXBuildFile; fileRef = D7A1128B26A54735004ECC09 /* Assets.xcassets */; };
		D7A1128F26A54735004ECC09 /* LaunchScreen.storyboard in Resources */ = {isa = PBXBuildFile; fileRef = D7A1128D26A54735004ECC09 /* LaunchScreen.storyboard */; };
		D7A1129A26A54736004ECC09 /* QuizAppTests.swift in Sources */ = {isa = PBXBuildFile; fileRef = D7A1129926A54736004ECC09 /* QuizAppTests.swift */; };
		D7A112A526A54736004ECC09 /* QuizAppUITests.swift in Sources */ = {isa = PBXBuildFile; fileRef = D7A112A426A54736004ECC09 /* QuizAppUITests.swift */; };
		D7A112B826A5479B004ECC09 /* MainViewController.swift in Sources */ = {isa = PBXBuildFile; fileRef = D7A112B726A5479B004ECC09 /* MainViewController.swift */; };
		D7A112BA26A54F38004ECC09 /* GameController.swift in Sources */ = {isa = PBXBuildFile; fileRef = D7A112B926A54F38004ECC09 /* GameController.swift */; };
/* End PBXBuildFile section */

/* Begin PBXContainerItemProxy section */
		D7A1129626A54735004ECC09 /* PBXContainerItemProxy */ = {
			isa = PBXContainerItemProxy;
			containerPortal = D7A1127726A54735004ECC09 /* Project object */;
			proxyType = 1;
			remoteGlobalIDString = D7A1127E26A54735004ECC09;
			remoteInfo = QuizApp;
		};
		D7A112A126A54736004ECC09 /* PBXContainerItemProxy */ = {
			isa = PBXContainerItemProxy;
			containerPortal = D7A1127726A54735004ECC09 /* Project object */;
			proxyType = 1;
			remoteGlobalIDString = D7A1127E26A54735004ECC09;
			remoteInfo = QuizApp;
		};
/* End PBXContainerItemProxy section */

/* Begin PBXFileReference section */
		D7A1127F26A54735004ECC09 /* QuizApp.app */ = {isa = PBXFileReference; explicitFileType = wrapper.application; includeInIndex = 0; path = QuizApp.app; sourceTree = BUILT_PRODUCTS_DIR; };
		D7A1128226A54735004ECC09 /* AppDelegate.swift */ = {isa = PBXFileReference; lastKnownFileType = sourcecode.swift; path = AppDelegate.swift; sourceTree = "<group>"; };
		D7A1128426A54735004ECC09 /* SceneDelegate.swift */ = {isa = PBXFileReference; lastKnownFileType = sourcecode.swift; path = SceneDelegate.swift; sourceTree = "<group>"; };
		D7A1128926A54735004ECC09 /* Base */ = {isa = PBXFileReference; lastKnownFileType = file.storyboard; name = Base; path = Base.lproj/Main.storyboard; sourceTree = "<group>"; };
		D7A1128B26A54735004ECC09 /* Assets.xcassets */ = {isa = PBXFileReference; lastKnownFileType = folder.assetcatalog; path = Assets.xcassets; sourceTree = "<group>"; };
		D7A1128E26A54735004ECC09 /* Base */ = {isa = PBXFileReference; lastKnownFileType = file.storyboard; name = Base; path = Base.lproj/LaunchScreen.storyboard; sourceTree = "<group>"; };
		D7A1129026A54735004ECC09 /* Info.plist */ = {isa = PBXFileReference; lastKnownFileType = text.plist.xml; path = Info.plist; sourceTree = "<group>"; };
		D7A1129526A54735004ECC09 /* QuizAppTests.xctest */ = {isa = PBXFileReference; explicitFileType = wrapper.cfbundle; includeInIndex = 0; path = QuizAppTests.xctest; sourceTree = BUILT_PRODUCTS_DIR; };
		D7A1129926A54736004ECC09 /* QuizAppTests.swift */ = {isa = PBXFileReference; lastKnownFileType = sourcecode.swift; path = QuizAppTests.swift; sourceTree = "<group>"; };
		D7A1129B26A54736004ECC09 /* Info.plist */ = {isa = PBXFileReference; lastKnownFileType = text.plist.xml; path = Info.plist; sourceTree = "<group>"; };
		D7A112A026A54736004ECC09 /* QuizAppUITests.xctest */ = {isa = PBXFileReference; explicitFileType = wrapper.cfbundle; includeInIndex = 0; path = QuizAppUITests.xctest; sourceTree = BUILT_PRODUCTS_DIR; };
		D7A112A426A54736004ECC09 /* QuizAppUITests.swift */ = {isa = PBXFileReference; lastKnownFileType = sourcecode.swift; path = QuizAppUITests.swift; sourceTree = "<group>"; };
		D7A112A626A54736004ECC09 /* Info.plist */ = {isa = PBXFileReference; lastKnownFileType = text.plist.xml; path = Info.plist; sourceTree = "<group>"; };
		D7A112B726A5479B004ECC09 /* MainViewController.swift */ = {isa = PBXFileReference; lastKnownFileType = sourcecode.swift; path = MainViewController.swift; sourceTree = "<group>"; };
		D7A112B926A54F38004ECC09 /* GameController.swift */ = {isa = PBXFileReference; lastKnownFileType = sourcecode.swift; path = GameController.swift; sourceTree = "<group>"; };
/* End PBXFileReference section */

/* Begin PBXFrameworksBuildPhase section */
		D7A1127C26A54735004ECC09 /* Frameworks */ = {
			isa = PBXFrameworksBuildPhase;
			buildActionMask = 2147483647;
			files = (
			);
			runOnlyForDeploymentPostprocessing = 0;
		};
		D7A1129226A54735004ECC09 /* Frameworks */ = {
			isa = PBXFrameworksBuildPhase;
			buildActionMask = 2147483647;
			files = (
			);
			runOnlyForDeploymentPostprocessing = 0;
		};
		D7A1129D26A54736004ECC09 /* Frameworks */ = {
			isa = PBXFrameworksBuildPhase;
			buildActionMask = 2147483647;
			files = (
			);
			runOnlyForDeploymentPostprocessing = 0;
		};
/* End PBXFrameworksBuildPhase section */

/* Begin PBXGroup section */
		D7A1127626A54735004ECC09 = {
			isa = PBXGroup;
			children = (
				D7A1128126A54735004ECC09 /* QuizApp */,
				D7A1129826A54736004ECC09 /* QuizAppTests */,
				D7A112A326A54736004ECC09 /* QuizAppUITests */,
				D7A1128026A54735004ECC09 /* Products */,
			);
			sourceTree = "<group>";
		};
		D7A1128026A54735004ECC09 /* Products */ = {
			isa = PBXGroup;
			children = (
				D7A1127F26A54735004ECC09 /* QuizApp.app */,
				D7A1129526A54735004ECC09 /* QuizAppTests.xctest */,
				D7A112A026A54736004ECC09 /* QuizAppUITests.xctest */,
			);
			name = Products;
			sourceTree = "<group>";
		};
		D7A1128126A54735004ECC09 /* QuizApp */ = {
			isa = PBXGroup;
			children = (
				D7A112B626A54761004ECC09 /* Extensions */,
				D7A112B526A5475C004ECC09 /* Models */,
				D7A112B426A54759004ECC09 /* Views */,
				D7A112B326A54751004ECC09 /* Controllers */,
				D7A112B226A54748004ECC09 /* SupportingFiles */,
				D7A1129026A54735004ECC09 /* Info.plist */,
			);
			path = QuizApp;
			sourceTree = "<group>";
		};
		D7A1129826A54736004ECC09 /* QuizAppTests */ = {
			isa = PBXGroup;
			children = (
				D7A1129926A54736004ECC09 /* QuizAppTests.swift */,
				D7A1129B26A54736004ECC09 /* Info.plist */,
			);
			path = QuizAppTests;
			sourceTree = "<group>";
		};
		D7A112A326A54736004ECC09 /* QuizAppUITests */ = {
			isa = PBXGroup;
			children = (
				D7A112A426A54736004ECC09 /* QuizAppUITests.swift */,
				D7A112A626A54736004ECC09 /* Info.plist */,
			);
			path = QuizAppUITests;
			sourceTree = "<group>";
		};
		D7A112B226A54748004ECC09 /* SupportingFiles */ = {
			isa = PBXGroup;
			children = (
				D7A1128226A54735004ECC09 /* AppDelegate.swift */,
				D7A1128426A54735004ECC09 /* SceneDelegate.swift */,
				D7A1128826A54735004ECC09 /* Main.storyboard */,
				D7A1128B26A54735004ECC09 /* Assets.xcassets */,
				D7A1128D26A54735004ECC09 /* LaunchScreen.storyboard */,
			);
			path = SupportingFiles;
			sourceTree = "<group>";
		};
		D7A112B326A54751004ECC09 /* Controllers */ = {
			isa = PBXGroup;
			children = (
				D7A112B726A5479B004ECC09 /* MainViewController.swift */,
				D7A112B926A54F38004ECC09 /* GameController.swift */,
			);
			path = Controllers;
			sourceTree = "<group>";
		};
		D7A112B426A54759004ECC09 /* Views */ = {
			isa = PBXGroup;
			children = (
			);
			path = Views;
			sourceTree = "<group>";
		};
		D7A112B526A5475C004ECC09 /* Models */ = {
			isa = PBXGroup;
			children = (
			);
			path = Models;
			sourceTree = "<group>";
		};
		D7A112B626A54761004ECC09 /* Extensions */ = {
			isa = PBXGroup;
			children = (
			);
			path = Extensions;
			sourceTree = "<group>";
		};
/* End PBXGroup section */

/* Begin PBXNativeTarget section */
		D7A1127E26A54735004ECC09 /* QuizApp */ = {
			isa = PBXNativeTarget;
			buildConfigurationList = D7A112A926A54736004ECC09 /* Build configuration list for PBXNativeTarget "QuizApp" */;
			buildPhases = (
				D7A1127B26A54735004ECC09 /* Sources */,
				D7A1127C26A54735004ECC09 /* Frameworks */,
				D7A1127D26A54735004ECC09 /* Resources */,
			);
			buildRules = (
			);
			dependencies = (
			);
			name = QuizApp;
			productName = QuizApp;
			productReference = D7A1127F26A54735004ECC09 /* QuizApp.app */;
			productType = "com.apple.product-type.application";
		};
		D7A1129426A54735004ECC09 /* QuizAppTests */ = {
			isa = PBXNativeTarget;
			buildConfigurationList = D7A112AC26A54736004ECC09 /* Build configuration list for PBXNativeTarget "QuizAppTests" */;
			buildPhases = (
				D7A1129126A54735004ECC09 /* Sources */,
				D7A1129226A54735004ECC09 /* Frameworks */,
				D7A1129326A54735004ECC09 /* Resources */,
			);
			buildRules = (
			);
			dependencies = (
				D7A1129726A54735004ECC09 /* PBXTargetDependency */,
			);
			name = QuizAppTests;
			productName = QuizAppTests;
			productReference = D7A1129526A54735004ECC09 /* QuizAppTests.xctest */;
			productType = "com.apple.product-type.bundle.unit-test";
		};
		D7A1129F26A54736004ECC09 /* QuizAppUITests */ = {
			isa = PBXNativeTarget;
			buildConfigurationList = D7A112AF26A54736004ECC09 /* Build configuration list for PBXNativeTarget "QuizAppUITests" */;
			buildPhases = (
				D7A1129C26A54736004ECC09 /* Sources */,
				D7A1129D26A54736004ECC09 /* Frameworks */,
				D7A1129E26A54736004ECC09 /* Resources */,
			);
			buildRules = (
			);
			dependencies = (
				D7A112A226A54736004ECC09 /* PBXTargetDependency */,
			);
			name = QuizAppUITests;
			productName = QuizAppUITests;
			productReference = D7A112A026A54736004ECC09 /* QuizAppUITests.xctest */;
			productType = "com.apple.product-type.bundle.ui-testing";
		};
/* End PBXNativeTarget section */

/* Begin PBXProject section */
		D7A1127726A54735004ECC09 /* Project object */ = {
			isa = PBXProject;
			attributes = {
				LastSwiftUpdateCheck = 1250;
				LastUpgradeCheck = 1250;
				TargetAttributes = {
					D7A1127E26A54735004ECC09 = {
						CreatedOnToolsVersion = 12.5.1;
					};
					D7A1129426A54735004ECC09 = {
						CreatedOnToolsVersion = 12.5.1;
						TestTargetID = D7A1127E26A54735004ECC09;
					};
					D7A1129F26A54736004ECC09 = {
						CreatedOnToolsVersion = 12.5.1;
						TestTargetID = D7A1127E26A54735004ECC09;
					};
				};
			};
			buildConfigurationList = D7A1127A26A54735004ECC09 /* Build configuration list for PBXProject "QuizApp" */;
			compatibilityVersion = "Xcode 9.3";
			developmentRegion = en;
			hasScannedForEncodings = 0;
			knownRegions = (
				en,
				Base,
			);
			mainGroup = D7A1127626A54735004ECC09;
			productRefGroup = D7A1128026A54735004ECC09 /* Products */;
			projectDirPath = "";
			projectRoot = "";
			targets = (
				D7A1127E26A54735004ECC09 /* QuizApp */,
				D7A1129426A54735004ECC09 /* QuizAppTests */,
				D7A1129F26A54736004ECC09 /* QuizAppUITests */,
			);
		};
/* End PBXProject section */

/* Begin PBXResourcesBuildPhase section */
		D7A1127D26A54735004ECC09 /* Resources */ = {
			isa = PBXResourcesBuildPhase;
			buildActionMask = 2147483647;
			files = (
				D7A1128F26A54735004ECC09 /* LaunchScreen.storyboard in Resources */,
				D7A1128C26A54735004ECC09 /* Assets.xcassets in Resources */,
				D7A1128A26A54735004ECC09 /* Main.storyboard in Resources */,
			);
			runOnlyForDeploymentPostprocessing = 0;
		};
		D7A1129326A54735004ECC09 /* Resources */ = {
			isa = PBXResourcesBuildPhase;
			buildActionMask = 2147483647;
			files = (
			);
			runOnlyForDeploymentPostprocessing = 0;
		};
		D7A1129E26A54736004ECC09 /* Resources */ = {
			isa = PBXResourcesBuildPhase;
			buildActionMask = 2147483647;
			files = (
			);
			runOnlyForDeploymentPostprocessing = 0;
		};
/* End PBXResourcesBuildPhase section */

/* Begin PBXSourcesBuildPhase section */
		D7A1127B26A54735004ECC09 /* Sources */ = {
			isa = PBXSourcesBuildPhase;
			buildActionMask = 2147483647;
			files = (
				D7A112B826A5479B004ECC09 /* MainViewController.swift in Sources */,
				D7A112BA26A54F38004ECC09 /* GameController.swift in Sources */,
				D7A1128326A54735004ECC09 /* AppDelegate.swift in Sources */,
				D7A1128526A54735004ECC09 /* SceneDelegate.swift in Sources */,
			);
			runOnlyForDeploymentPostprocessing = 0;
		};
		D7A1129126A54735004ECC09 /* Sources */ = {
			isa = PBXSourcesBuildPhase;
			buildActionMask = 2147483647;
			files = (
				D7A1129A26A54736004ECC09 /* QuizAppTests.swift in Sources */,
			);
			runOnlyForDeploymentPostprocessing = 0;
		};
		D7A1129C26A54736004ECC09 /* Sources */ = {
			isa = PBXSourcesBuildPhase;
			buildActionMask = 2147483647;
			files = (
				D7A112A526A54736004ECC09 /* QuizAppUITests.swift in Sources */,
			);
			runOnlyForDeploymentPostprocessing = 0;
		};
/* End PBXSourcesBuildPhase section */

/* Begin PBXTargetDependency section */
		D7A1129726A54735004ECC09 /* PBXTargetDependency */ = {
			isa = PBXTargetDependency;
			target = D7A1127E26A54735004ECC09 /* QuizApp */;
			targetProxy = D7A1129626A54735004ECC09 /* PBXContainerItemProxy */;
		};
		D7A112A226A54736004ECC09 /* PBXTargetDependency */ = {
			isa = PBXTargetDependency;
			target = D7A1127E26A54735004ECC09 /* QuizApp */;
			targetProxy = D7A112A126A54736004ECC09 /* PBXContainerItemProxy */;
		};
/* End PBXTargetDependency section */

/* Begin PBXVariantGroup section */
		D7A1128826A54735004ECC09 /* Main.storyboard */ = {
			isa = PBXVariantGroup;
			children = (
				D7A1128926A54735004ECC09 /* Base */,
			);
			name = Main.storyboard;
			sourceTree = "<group>";
		};
		D7A1128D26A54735004ECC09 /* LaunchScreen.storyboard */ = {
			isa = PBXVariantGroup;
			children = (
				D7A1128E26A54735004ECC09 /* Base */,
			);
			name = LaunchScreen.storyboard;
			sourceTree = "<group>";
		};
/* End PBXVariantGroup section */

/* Begin XCBuildConfiguration section */
		D7A112A726A54736004ECC09 /* Debug */ = {
			isa = XCBuildConfiguration;
			buildSettings = {
				ALWAYS_SEARCH_USER_PATHS = NO;
				CLANG_ANALYZER_NONNULL = YES;
				CLANG_ANALYZER_NUMBER_OBJECT_CONVERSION = YES_AGGRESSIVE;
				CLANG_CXX_LANGUAGE_STANDARD = "gnu++14";
				CLANG_CXX_LIBRARY = "libc++";
				CLANG_ENABLE_MODULES = YES;
				CLANG_ENABLE_OBJC_ARC = YES;
				CLANG_ENABLE_OBJC_WEAK = YES;
				CLANG_WARN_BLOCK_CAPTURE_AUTORELEASING = YES;
				CLANG_WARN_BOOL_CONVERSION = YES;
				CLANG_WARN_COMMA = YES;
				CLANG_WARN_CONSTANT_CONVERSION = YES;
				CLANG_WARN_DEPRECATED_OBJC_IMPLEMENTATIONS = YES;
				CLANG_WARN_DIRECT_OBJC_ISA_USAGE = YES_ERROR;
				CLANG_WARN_DOCUMENTATION_COMMENTS = YES;
				CLANG_WARN_EMPTY_BODY = YES;
				CLANG_WARN_ENUM_CONVERSION = YES;
				CLANG_WARN_INFINITE_RECURSION = YES;
				CLANG_WARN_INT_CONVERSION = YES;
				CLANG_WARN_NON_LITERAL_NULL_CONVERSION = YES;
				CLANG_WARN_OBJC_IMPLICIT_RETAIN_SELF = YES;
				CLANG_WARN_OBJC_LITERAL_CONVERSION = YES;
				CLANG_WARN_OBJC_ROOT_CLASS = YES_ERROR;
				CLANG_WARN_QUOTED_INCLUDE_IN_FRAMEWORK_HEADER = YES;
				CLANG_WARN_RANGE_LOOP_ANALYSIS = YES;
				CLANG_WARN_STRICT_PROTOTYPES = YES;
				CLANG_WARN_SUSPICIOUS_MOVE = YES;
				CLANG_WARN_UNGUARDED_AVAILABILITY = YES_AGGRESSIVE;
				CLANG_WARN_UNREACHABLE_CODE = YES;
				CLANG_WARN__DUPLICATE_METHOD_MATCH = YES;
				COPY_PHASE_STRIP = NO;
				DEBUG_INFORMATION_FORMAT = dwarf;
				ENABLE_STRICT_OBJC_MSGSEND = YES;
				ENABLE_TESTABILITY = YES;
				GCC_C_LANGUAGE_STANDARD = gnu11;
				GCC_DYNAMIC_NO_PIC = NO;
				GCC_NO_COMMON_BLOCKS = YES;
				GCC_OPTIMIZATION_LEVEL = 0;
				GCC_PREPROCESSOR_DEFINITIONS = (
					"DEBUG=1",
					"$(inherited)",
				);
				GCC_WARN_64_TO_32_BIT_CONVERSION = YES;
				GCC_WARN_ABOUT_RETURN_TYPE = YES_ERROR;
				GCC_WARN_UNDECLARED_SELECTOR = YES;
				GCC_WARN_UNINITIALIZED_AUTOS = YES_AGGRESSIVE;
				GCC_WARN_UNUSED_FUNCTION = YES;
				GCC_WARN_UNUSED_VARIABLE = YES;
				IPHONEOS_DEPLOYMENT_TARGET = 14.5;
				MTL_ENABLE_DEBUG_INFO = INCLUDE_SOURCE;
				MTL_FAST_MATH = YES;
				ONLY_ACTIVE_ARCH = YES;
				SDKROOT = iphoneos;
				SWIFT_ACTIVE_COMPILATION_CONDITIONS = DEBUG;
				SWIFT_OPTIMIZATION_LEVEL = "-Onone";
			};
			name = Debug;
		};
		D7A112A826A54736004ECC09 /* Release */ = {
			isa = XCBuildConfiguration;
			buildSettings = {
				ALWAYS_SEARCH_USER_PATHS = NO;
				CLANG_ANALYZER_NONNULL = YES;
				CLANG_ANALYZER_NUMBER_OBJECT_CONVERSION = YES_AGGRESSIVE;
				CLANG_CXX_LANGUAGE_STANDARD = "gnu++14";
				CLANG_CXX_LIBRARY = "libc++";
				CLANG_ENABLE_MODULES = YES;
				CLANG_ENABLE_OBJC_ARC = YES;
				CLANG_ENABLE_OBJC_WEAK = YES;
				CLANG_WARN_BLOCK_CAPTURE_AUTORELEASING = YES;
				CLANG_WARN_BOOL_CONVERSION = YES;
				CLANG_WARN_COMMA = YES;
				CLANG_WARN_CONSTANT_CONVERSION = YES;
				CLANG_WARN_DEPRECATED_OBJC_IMPLEMENTATIONS = YES;
				CLANG_WARN_DIRECT_OBJC_ISA_USAGE = YES_ERROR;
				CLANG_WARN_DOCUMENTATION_COMMENTS = YES;
				CLANG_WARN_EMPTY_BODY = YES;
				CLANG_WARN_ENUM_CONVERSION = YES;
				CLANG_WARN_INFINITE_RECURSION = YES;
				CLANG_WARN_INT_CONVERSION = YES;
				CLANG_WARN_NON_LITERAL_NULL_CONVERSION = YES;
				CLANG_WARN_OBJC_IMPLICIT_RETAIN_SELF = YES;
				CLANG_WARN_OBJC_LITERAL_CONVERSION = YES;
				CLANG_WARN_OBJC_ROOT_CLASS = YES_ERROR;
				CLANG_WARN_QUOTED_INCLUDE_IN_FRAMEWORK_HEADER = YES;
				CLANG_WARN_RANGE_LOOP_ANALYSIS = YES;
				CLANG_WARN_STRICT_PROTOTYPES = YES;
				CLANG_WARN_SUSPICIOUS_MOVE = YES;
				CLANG_WARN_UNGUARDED_AVAILABILITY = YES_AGGRESSIVE;
				CLANG_WARN_UNREACHABLE_CODE = YES;
				CLANG_WARN__DUPLICATE_METHOD_MATCH = YES;
				COPY_PHASE_STRIP = NO;
				DEBUG_INFORMATION_FORMAT = "dwarf-with-dsym";
				ENABLE_NS_ASSERTIONS = NO;
				ENABLE_STRICT_OBJC_MSGSEND = YES;
				GCC_C_LANGUAGE_STANDARD = gnu11;
				GCC_NO_COMMON_BLOCKS = YES;
				GCC_WARN_64_TO_32_BIT_CONVERSION = YES;
				GCC_WARN_ABOUT_RETURN_TYPE = YES_ERROR;
				GCC_WARN_UNDECLARED_SELECTOR = YES;
				GCC_WARN_UNINITIALIZED_AUTOS = YES_AGGRESSIVE;
				GCC_WARN_UNUSED_FUNCTION = YES;
				GCC_WARN_UNUSED_VARIABLE = YES;
				IPHONEOS_DEPLOYMENT_TARGET = 14.5;
				MTL_ENABLE_DEBUG_INFO = NO;
				MTL_FAST_MATH = YES;
				SDKROOT = iphoneos;
				SWIFT_COMPILATION_MODE = wholemodule;
				SWIFT_OPTIMIZATION_LEVEL = "-O";
				VALIDATE_PRODUCT = YES;
			};
			name = Release;
		};
		D7A112AA26A54736004ECC09 /* Debug */ = {
			isa = XCBuildConfiguration;
			buildSettings = {
				ASSETCATALOG_COMPILER_APPICON_NAME = AppIcon;
				ASSETCATALOG_COMPILER_GLOBAL_ACCENT_COLOR_NAME = AccentColor;
				CODE_SIGN_STYLE = Automatic;
				DEVELOPMENT_TEAM = RGZ8HP6A2J;
				INFOPLIST_FILE = QuizApp/Info.plist;
				LD_RUNPATH_SEARCH_PATHS = (
					"$(inherited)",
					"@executable_path/Frameworks",
				);
				PRODUCT_BUNDLE_IDENTIFIER = dangsal.QuizApp;
				PRODUCT_NAME = "$(TARGET_NAME)";
				SWIFT_VERSION = 5.0;
				TARGETED_DEVICE_FAMILY = "1,2";
			};
			name = Debug;
		};
		D7A112AB26A54736004ECC09 /* Release */ = {
			isa = XCBuildConfiguration;
			buildSettings = {
				ASSETCATALOG_COMPILER_APPICON_NAME = AppIcon;
				ASSETCATALOG_COMPILER_GLOBAL_ACCENT_COLOR_NAME = AccentColor;
				CODE_SIGN_STYLE = Automatic;
				DEVELOPMENT_TEAM = RGZ8HP6A2J;
				INFOPLIST_FILE = QuizApp/Info.plist;
				LD_RUNPATH_SEARCH_PATHS = (
					"$(inherited)",
					"@executable_path/Frameworks",
				);
				PRODUCT_BUNDLE_IDENTIFIER = dangsal.QuizApp;
				PRODUCT_NAME = "$(TARGET_NAME)";
				SWIFT_VERSION = 5.0;
				TARGETED_DEVICE_FAMILY = "1,2";
			};
			name = Release;
		};
		D7A112AD26A54736004ECC09 /* Debug */ = {
			isa = XCBuildConfiguration;
			buildSettings = {
				ALWAYS_EMBED_SWIFT_STANDARD_LIBRARIES = YES;
				BUNDLE_LOADER = "$(TEST_HOST)";
				CODE_SIGN_STYLE = Automatic;
				DEVELOPMENT_TEAM = RGZ8HP6A2J;
				INFOPLIST_FILE = QuizAppTests/Info.plist;
				IPHONEOS_DEPLOYMENT_TARGET = 14.5;
				LD_RUNPATH_SEARCH_PATHS = (
					"$(inherited)",
					"@executable_path/Frameworks",
					"@loader_path/Frameworks",
				);
				PRODUCT_BUNDLE_IDENTIFIER = dangsal.QuizAppTests;
				PRODUCT_NAME = "$(TARGET_NAME)";
				SWIFT_VERSION = 5.0;
				TARGETED_DEVICE_FAMILY = "1,2";
				TEST_HOST = "$(BUILT_PRODUCTS_DIR)/QuizApp.app/QuizApp";
			};
			name = Debug;
		};
		D7A112AE26A54736004ECC09 /* Release */ = {
			isa = XCBuildConfiguration;
			buildSettings = {
				ALWAYS_EMBED_SWIFT_STANDARD_LIBRARIES = YES;
				BUNDLE_LOADER = "$(TEST_HOST)";
				CODE_SIGN_STYLE = Automatic;
				DEVELOPMENT_TEAM = RGZ8HP6A2J;
				INFOPLIST_FILE = QuizAppTests/Info.plist;
				IPHONEOS_DEPLOYMENT_TARGET = 14.5;
				LD_RUNPATH_SEARCH_PATHS = (
					"$(inherited)",
					"@executable_path/Frameworks",
					"@loader_path/Frameworks",
				);
				PRODUCT_BUNDLE_IDENTIFIER = dangsal.QuizAppTests;
				PRODUCT_NAME = "$(TARGET_NAME)";
				SWIFT_VERSION = 5.0;
				TARGETED_DEVICE_FAMILY = "1,2";
				TEST_HOST = "$(BUILT_PRODUCTS_DIR)/QuizApp.app/QuizApp";
			};
			name = Release;
		};
		D7A112B026A54736004ECC09 /* Debug */ = {
			isa = XCBuildConfiguration;
			buildSettings = {
				ALWAYS_EMBED_SWIFT_STANDARD_LIBRARIES = YES;
				CODE_SIGN_STYLE = Automatic;
				DEVELOPMENT_TEAM = RGZ8HP6A2J;
				INFOPLIST_FILE = QuizAppUITests/Info.plist;
				LD_RUNPATH_SEARCH_PATHS = (
					"$(inherited)",
					"@executable_path/Frameworks",
					"@loader_path/Frameworks",
				);
				PRODUCT_BUNDLE_IDENTIFIER = dangsal.QuizAppUITests;
				PRODUCT_NAME = "$(TARGET_NAME)";
				SWIFT_VERSION = 5.0;
				TARGETED_DEVICE_FAMILY = "1,2";
				TEST_TARGET_NAME = QuizApp;
			};
			name = Debug;
		};
		D7A112B126A54736004ECC09 /* Release */ = {
			isa = XCBuildConfiguration;
			buildSettings = {
				ALWAYS_EMBED_SWIFT_STANDARD_LIBRARIES = YES;
				CODE_SIGN_STYLE = Automatic;
				DEVELOPMENT_TEAM = RGZ8HP6A2J;
				INFOPLIST_FILE = QuizAppUITests/Info.plist;
				LD_RUNPATH_SEARCH_PATHS = (
					"$(inherited)",
					"@executable_path/Frameworks",
					"@loader_path/Frameworks",
				);
				PRODUCT_BUNDLE_IDENTIFIER = dangsal.QuizAppUITests;
				PRODUCT_NAME = "$(TARGET_NAME)";
				SWIFT_VERSION = 5.0;
				TARGETED_DEVICE_FAMILY = "1,2";
				TEST_TARGET_NAME = QuizApp;
			};
			name = Release;
		};
/* End XCBuildConfiguration section */

/* Begin XCConfigurationList section */
		D7A1127A26A54735004ECC09 /* Build configuration list for PBXProject "QuizApp" */ = {
			isa = XCConfigurationList;
			buildConfigurations = (
				D7A112A726A54736004ECC09 /* Debug */,
				D7A112A826A54736004ECC09 /* Release */,
			);
			defaultConfigurationIsVisible = 0;
			defaultConfigurationName = Release;
		};
		D7A112A926A54736004ECC09 /* Build configuration list for PBXNativeTarget "QuizApp" */ = {
			isa = XCConfigurationList;
			buildConfigurations = (
				D7A112AA26A54736004ECC09 /* Debug */,
				D7A112AB26A54736004ECC09 /* Release */,
			);
			defaultConfigurationIsVisible = 0;
			defaultConfigurationName = Release;
		};
		D7A112AC26A54736004ECC09 /* Build configuration list for PBXNativeTarget "QuizAppTests" */ = {
			isa = XCConfigurationList;
			buildConfigurations = (
				D7A112AD26A54736004ECC09 /* Debug */,
				D7A112AE26A54736004ECC09 /* Release */,
			);
			defaultConfigurationIsVisible = 0;
			defaultConfigurationName = Release;
		};
		D7A112AF26A54736004ECC09 /* Build configuration list for PBXNativeTarget "QuizAppUITests" */ = {
			isa = XCConfigurationList;
			buildConfigurations = (
				D7A112B026A54736004ECC09 /* Debug */,
				D7A112B126A54736004ECC09 /* Release */,
			);
			defaultConfigurationIsVisible = 0;
			defaultConfigurationName = Release;
		};
/* End XCConfigurationList section */
	};
	rootObject = D7A1127726A54735004ECC09 /* Project object */;
}
